[[tools.hk]]
version = "1.35.0"
backend = "aqua:jdx/hk"
"platforms.macos-arm64" = { checksum = "sha256:ace34e486adc4fe22419e55ff14bacfe9a49deab47d6fba87138160bc0a6ee47", url = "https://github.com/jdx/hk/releases/download/v1.35.0/hk-aarch64-apple-darwin.tar.gz"}

[[tools.pkl]]
version = "0.30.2"
backend = "aqua:apple/pkl"
"platforms.macos-arm64" = { checksum = "sha256:f1db44c0f6f859aee88c9d7d272f2371ae40ac95ec9957ae78eff51665158e04", url = "https://github.com/apple/pkl/releases/download/0.30.2/pkl-macos-aarch64"}

[[tools.shellcheck]]
version = "0.11.0"
backend = "aqua:koalaman/shellcheck"

[[tools.stylua]]
version = "2.3.1"
backend = "aqua:JohnnyMorganz/StyLua"
"platforms.macos-arm64" = { checksum = "sha256:e212e6c21e76c2b1d0f10f8dcf50ec3b5f03f02da7597e0679f539eb18ba0d53", url = "https://github.com/JohnnyMorganz/StyLua/releases/download/v2.3.1/stylua-macos-aarch64.zip"}

[[tools.yamllint]]
version = "1.38.0"
backend = "pipx:yamllint"
