# @generated - this file is auto-generated by `mise lock` https://mise.jdx.dev/dev-tools/mise-lock.html

[[tools.bun]]
version = "1.3.11"
backend = "core:bun"

[tools.bun."platforms.linux-arm64"]
checksum = "sha256:d13944da12a53ecc74bf6a720bd1d04c4555c038dfe422365356a7be47691fdf"
url = "https://github.com/oven-sh/bun/releases/download/bun-v1.3.11/bun-linux-aarch64.zip"

[tools.bun."platforms.linux-arm64-musl"]
checksum = "sha256:0f5bf5dc3f276053196274bb84f90a44e2fa40c9432bd6757e3247a8d9476a3d"
url = "https://github.com/oven-sh/bun/releases/download/bun-v1.3.11/bun-linux-aarch64-musl.zip"

[tools.bun."platforms.linux-x64"]
checksum = "sha256:8611ba935af886f05a6f38740a15160326c15e5d5d07adef966130b4493607ed"
url = "https://github.com/oven-sh/bun/releases/download/bun-v1.3.11/bun-linux-x64.zip"

[tools.bun."platforms.linux-x64-baseline"]
checksum = "sha256:abe346f63414547cdf6b35b7a649a490c728b93d006226156923918a84c0e59b"
url = "https://github.com/oven-sh/bun/releases/download/bun-v1.3.11/bun-linux-x64-baseline.zip"

[tools.bun."platforms.linux-x64-musl"]
checksum = "sha256:b0fce3bc4fab52f26a1e0d8886dc07fd0c0eb2a274cb343b59c83a2d5997b5b1"
url = "https://github.com/oven-sh/bun/releases/download/bun-v1.3.11/bun-linux-x64-musl.zip"

[tools.bun."platforms.linux-x64-musl-baseline"]
checksum = "sha256:2fa2b697f14ada86a28df771d3876ca7606d7453b2339454893b1937aa9c0c7e"
url = "https://github.com/oven-sh/bun/releases/download/bun-v1.3.11/bun-linux-x64-musl-baseline.zip"

[tools.bun."platforms.macos-arm64"]
checksum = "sha256:6f5a3467ed9caec4795bf78cd476507d9f870c7d57b86c945fcb338126772ffc"
url = "https://github.com/oven-sh/bun/releases/download/bun-v1.3.11/bun-darwin-aarch64.zip"

[tools.bun."platforms.macos-x64"]
checksum = "sha256:c4fe2b9247218b0295f24e895aaec8fee62e74452679a9026b67eacbd611a286"
url = "https://github.com/oven-sh/bun/releases/download/bun-v1.3.11/bun-darwin-x64.zip"

[tools.bun."platforms.macos-x64-baseline"]
checksum = "sha256:fb6739b08bf54550edaa7c824cd5b2dca45b6a06afef408443087a63105f6f8d"
url = "https://github.com/oven-sh/bun/releases/download/bun-v1.3.11/bun-darwin-x64-baseline.zip"

[tools.bun."platforms.windows-x64"]
checksum = "sha256:066f8694f8b7d8df592452746d18f01710d4053e93030922dbc6e8c34a8c4b9f"
url = "https://github.com/oven-sh/bun/releases/download/bun-v1.3.11/bun-windows-x64.zip"

[tools.bun."platforms.windows-x64-baseline"]
checksum = "sha256:9d0e0f923e9626f3bc6044fc32e0d3ab29039aea753f5678ef8801cf26f75288"
url = "https://github.com/oven-sh/bun/releases/download/bun-v1.3.11/bun-windows-x64-baseline.zip"

[[tools.cargo-binstall]]
version = "1.17.9"
backend = "aqua:cargo-bins/cargo-binstall"

[tools.cargo-binstall."platforms.linux-arm64"]
checksum = "sha256:89df253cc00a307209daee7648272bba4d8a342fce084d5922f6b3f4e4db0e25"
url = "https://github.com/cargo-bins/cargo-binstall/releases/download/v1.17.9/cargo-binstall-aarch64-unknown-linux-musl.tgz"

[tools.cargo-binstall."platforms.linux-arm64-musl"]
checksum = "sha256:89df253cc00a307209daee7648272bba4d8a342fce084d5922f6b3f4e4db0e25"
url = "https://github.com/cargo-bins/cargo-binstall/releases/download/v1.17.9/cargo-binstall-aarch64-unknown-linux-musl.tgz"

[tools.cargo-binstall."platforms.linux-x64"]
checksum = "sha256:bdea3fd820b118576316bf69c8240f454857287717809e6ecef010faace901ff"
url = "https://github.com/cargo-bins/cargo-binstall/releases/download/v1.17.9/cargo-binstall-x86_64-unknown-linux-musl.tgz"

[tools.cargo-binstall."platforms.linux-x64-baseline"]
checksum = "sha256:bdea3fd820b118576316bf69c8240f454857287717809e6ecef010faace901ff"
url = "https://github.com/cargo-bins/cargo-binstall/releases/download/v1.17.9/cargo-binstall-x86_64-unknown-linux-musl.tgz"

[tools.cargo-binstall."platforms.linux-x64-musl"]
checksum = "sha256:bdea3fd820b118576316bf69c8240f454857287717809e6ecef010faace901ff"
url = "https://github.com/cargo-bins/cargo-binstall/releases/download/v1.17.9/cargo-binstall-x86_64-unknown-linux-musl.tgz"

[tools.cargo-binstall."platforms.linux-x64-musl-baseline"]
checksum = "sha256:bdea3fd820b118576316bf69c8240f454857287717809e6ecef010faace901ff"
url = "https://github.com/cargo-bins/cargo-binstall/releases/download/v1.17.9/cargo-binstall-x86_64-unknown-linux-musl.tgz"

[tools.cargo-binstall."platforms.macos-arm64"]
checksum = "sha256:021d537caa2071bbcd8ec50b210ea45af68a6983cca7780918b3603ef68d2585"
url = "https://github.com/cargo-bins/cargo-binstall/releases/download/v1.17.9/cargo-binstall-aarch64-apple-darwin.zip"

[tools.cargo-binstall."platforms.macos-x64"]
checksum = "sha256:1d4fbd74c15274a029dd92e19a0ead8e1831b6e6b60f0f5c3690ef517022c41c"
url = "https://github.com/cargo-bins/cargo-binstall/releases/download/v1.17.9/cargo-binstall-x86_64-apple-darwin.zip"

[tools.cargo-binstall."platforms.macos-x64-baseline"]
checksum = "sha256:1d4fbd74c15274a029dd92e19a0ead8e1831b6e6b60f0f5c3690ef517022c41c"
url = "https://github.com/cargo-bins/cargo-binstall/releases/download/v1.17.9/cargo-binstall-x86_64-apple-darwin.zip"

[tools.cargo-binstall."platforms.windows-x64"]
checksum = "sha256:d17b413a19592af2cf57f9f742d49bef8837099e1407d73e79de5bc7834c4fd6"
url = "https://github.com/cargo-bins/cargo-binstall/releases/download/v1.17.9/cargo-binstall-x86_64-pc-windows-msvc.zip"

[tools.cargo-binstall."platforms.windows-x64-baseline"]
checksum = "sha256:d17b413a19592af2cf57f9f742d49bef8837099e1407d73e79de5bc7834c4fd6"
url = "https://github.com/cargo-bins/cargo-binstall/releases/download/v1.17.9/cargo-binstall-x86_64-pc-windows-msvc.zip"

[[tools.delta]]
version = "0.19.2"
backend = "aqua:dandavison/delta"

[tools.delta."platforms.linux-arm64"]
checksum = "sha256:0bfce159a5cddd5feb3d6db4a616d883ff51253ce08ac7ec11cb1d208cfaab9e"
url = "https://github.com/dandavison/delta/releases/download/0.19.2/delta-0.19.2-aarch64-unknown-linux-gnu.tar.gz"

[tools.delta."platforms.linux-arm64-musl"]
checksum = "sha256:0bfce159a5cddd5feb3d6db4a616d883ff51253ce08ac7ec11cb1d208cfaab9e"
url = "https://github.com/dandavison/delta/releases/download/0.19.2/delta-0.19.2-aarch64-unknown-linux-gnu.tar.gz"

[tools.delta."platforms.linux-x64"]
checksum = "sha256:f1ea01ca7728ce3462debc359f39dfc7cbbc1a63224b71fefabf92042864aa1b"
url = "https://github.com/dandavison/delta/releases/download/0.19.2/delta-0.19.2-x86_64-unknown-linux-musl.tar.gz"

[tools.delta."platforms.linux-x64-baseline"]
checksum = "sha256:f1ea01ca7728ce3462debc359f39dfc7cbbc1a63224b71fefabf92042864aa1b"
url = "https://github.com/dandavison/delta/releases/download/0.19.2/delta-0.19.2-x86_64-unknown-linux-musl.tar.gz"

[tools.delta."platforms.linux-x64-musl"]
checksum = "sha256:f1ea01ca7728ce3462debc359f39dfc7cbbc1a63224b71fefabf92042864aa1b"
url = "https://github.com/dandavison/delta/releases/download/0.19.2/delta-0.19.2-x86_64-unknown-linux-musl.tar.gz"

[tools.delta."platforms.linux-x64-musl-baseline"]
checksum = "sha256:f1ea01ca7728ce3462debc359f39dfc7cbbc1a63224b71fefabf92042864aa1b"
url = "https://github.com/dandavison/delta/releases/download/0.19.2/delta-0.19.2-x86_64-unknown-linux-musl.tar.gz"

[tools.delta."platforms.macos-arm64"]
checksum = "sha256:9be36612a5a13e9e386dc498fb8e50dc87c72ee42b63db0ea05b32f99a72a69a"
url = "https://github.com/dandavison/delta/releases/download/0.19.2/delta-0.19.2-aarch64-apple-darwin.tar.gz"

[tools.delta."platforms.windows-x64"]
checksum = "sha256:ac8ebb4a9f1cbee8b9ea897ba119808a244181adae6f3bed1f3b6b923c50b557"
url = "https://github.com/dandavison/delta/releases/download/0.19.2/delta-0.19.2-x86_64-pc-windows-msvc.zip"

[tools.delta."platforms.windows-x64-baseline"]
checksum = "sha256:ac8ebb4a9f1cbee8b9ea897ba119808a244181adae6f3bed1f3b6b923c50b557"
url = "https://github.com/dandavison/delta/releases/download/0.19.2/delta-0.19.2-x86_64-pc-windows-msvc.zip"

[[tools.go]]
version = "1.26.1"
backend = "core:go"

[tools.go."platforms.linux-arm64"]
checksum = "sha256:a290581cfe4fe28ddd737dde3095f3dbeb7f2e4065cab4eae44dfc53b760c2f7"
url = "https://dl.google.com/go/go1.26.1.linux-arm64.tar.gz"

[tools.go."platforms.linux-arm64-musl"]
checksum = "sha256:a290581cfe4fe28ddd737dde3095f3dbeb7f2e4065cab4eae44dfc53b760c2f7"
url = "https://dl.google.com/go/go1.26.1.linux-arm64.tar.gz"

[tools.go."platforms.linux-x64"]
checksum = "sha256:031f088e5d955bab8657ede27ad4e3bc5b7c1ba281f05f245bcc304f327c987a"
url = "https://dl.google.com/go/go1.26.1.linux-amd64.tar.gz"

[tools.go."platforms.linux-x64-baseline"]
checksum = "sha256:031f088e5d955bab8657ede27ad4e3bc5b7c1ba281f05f245bcc304f327c987a"
url = "https://dl.google.com/go/go1.26.1.linux-amd64.tar.gz"

[tools.go."platforms.linux-x64-musl"]
checksum = "sha256:031f088e5d955bab8657ede27ad4e3bc5b7c1ba281f05f245bcc304f327c987a"
url = "https://dl.google.com/go/go1.26.1.linux-amd64.tar.gz"

[tools.go."platforms.linux-x64-musl-baseline"]
checksum = "sha256:031f088e5d955bab8657ede27ad4e3bc5b7c1ba281f05f245bcc304f327c987a"
url = "https://dl.google.com/go/go1.26.1.linux-amd64.tar.gz"

[tools.go."platforms.macos-arm64"]
checksum = "sha256:353df43a7811ce284c8938b5f3c7df40b7bfb6f56cb165b150bc40b5e2dd541f"
url = "https://dl.google.com/go/go1.26.1.darwin-arm64.tar.gz"

[tools.go."platforms.macos-x64"]
checksum = "sha256:65773dab2f8cc4cd23d93ba6d0a805de150ca0b78378879292be0b903b8cdd08"
url = "https://dl.google.com/go/go1.26.1.darwin-amd64.tar.gz"

[tools.go."platforms.macos-x64-baseline"]
checksum = "sha256:65773dab2f8cc4cd23d93ba6d0a805de150ca0b78378879292be0b903b8cdd08"
url = "https://dl.google.com/go/go1.26.1.darwin-amd64.tar.gz"

[tools.go."platforms.windows-x64"]
checksum = "sha256:9b68112c913f45b7aebbf13c036721264bbba7e03a642f8f7490c561eebd1ecc"
url = "https://dl.google.com/go/go1.26.1.windows-amd64.zip"

[tools.go."platforms.windows-x64-baseline"]
checksum = "sha256:9b68112c913f45b7aebbf13c036721264bbba7e03a642f8f7490c561eebd1ecc"
url = "https://dl.google.com/go/go1.26.1.windows-amd64.zip"

[[tools.lua]]
version = "5.1"
backend = "asdf:lua"

[[tools.markdownlint-cli2]]
version = "0.22.0"
backend = "npm:markdownlint-cli2"

[[tools.node]]
version = "25.9.0"
backend = "core:node"

[tools.node."platforms.linux-arm64"]
checksum = "sha256:8fb4283301b8c720fc9f18bffff0f659e72cc14d0cf207a3bb411808aaa73a57"
url = "https://nodejs.org/dist/v25.9.0/node-v25.9.0-linux-arm64.tar.gz"

[tools.node."platforms.linux-arm64-musl"]
checksum = "sha256:8fb4283301b8c720fc9f18bffff0f659e72cc14d0cf207a3bb411808aaa73a57"
url = "https://nodejs.org/dist/v25.9.0/node-v25.9.0-linux-arm64.tar.gz"

[tools.node."platforms.linux-x64"]
checksum = "sha256:134e55b2408448a219760fe04dc44d6851f9de8a79549021ffd870e9082d9e7b"
url = "https://nodejs.org/dist/v25.9.0/node-v25.9.0-linux-x64.tar.gz"

[tools.node."platforms.linux-x64-baseline"]
checksum = "sha256:134e55b2408448a219760fe04dc44d6851f9de8a79549021ffd870e9082d9e7b"
url = "https://nodejs.org/dist/v25.9.0/node-v25.9.0-linux-x64.tar.gz"

[tools.node."platforms.linux-x64-musl"]
checksum = "sha256:134e55b2408448a219760fe04dc44d6851f9de8a79549021ffd870e9082d9e7b"
url = "https://nodejs.org/dist/v25.9.0/node-v25.9.0-linux-x64.tar.gz"

[tools.node."platforms.linux-x64-musl-baseline"]
checksum = "sha256:134e55b2408448a219760fe04dc44d6851f9de8a79549021ffd870e9082d9e7b"
url = "https://nodejs.org/dist/v25.9.0/node-v25.9.0-linux-x64.tar.gz"

[tools.node."platforms.macos-arm64"]
checksum = "sha256:e479f3c469d3d9303a44f00a8ea37a3788395d171bb8059c48a4bbbd2e371b59"
url = "https://nodejs.org/dist/v25.9.0/node-v25.9.0-darwin-arm64.tar.gz"

[tools.node."platforms.macos-x64"]
checksum = "sha256:7d737b53ce191142bfa1c17cfa5b070d96e84eebf76b8dd06d84981cbdc3f7e3"
url = "https://nodejs.org/dist/v25.9.0/node-v25.9.0-darwin-x64.tar.gz"

[tools.node."platforms.macos-x64-baseline"]
checksum = "sha256:7d737b53ce191142bfa1c17cfa5b070d96e84eebf76b8dd06d84981cbdc3f7e3"
url = "https://nodejs.org/dist/v25.9.0/node-v25.9.0-darwin-x64.tar.gz"

[tools.node."platforms.windows-x64"]
checksum = "sha256:929552b8305effac843ba7b4270c437aefb702fc3fbd73fcd1bffd35d4ac284e"
url = "https://nodejs.org/dist/v25.9.0/node-v25.9.0-win-x64.zip"

[tools.node."platforms.windows-x64-baseline"]
checksum = "sha256:929552b8305effac843ba7b4270c437aefb702fc3fbd73fcd1bffd35d4ac284e"
url = "https://nodejs.org/dist/v25.9.0/node-v25.9.0-win-x64.zip"

[[tools."npm:@github/copilot"]]
version = "1.0.17"
backend = "npm:@github/copilot"

[[tools."npm:@mermaid-js/mermaid-cli"]]
version = "11.12.0"
backend = "npm:@mermaid-js/mermaid-cli"

[[tools."npm:mcp-hub"]]
version = "4.2.1"
backend = "npm:mcp-hub"

[[tools.opencode]]
version = "1.3.13"
backend = "aqua:anomalyco/opencode"

[tools.opencode."platforms.linux-arm64"]
checksum = "sha256:af9133ceb5d9957265d730456554aa7c38aabc8ff3827394a23d3feac8fe7ef2"
url = "https://github.com/anomalyco/opencode/releases/download/v1.3.13/opencode-linux-arm64.tar.gz"

[tools.opencode."platforms.linux-arm64-musl"]
checksum = "sha256:af9133ceb5d9957265d730456554aa7c38aabc8ff3827394a23d3feac8fe7ef2"
url = "https://github.com/anomalyco/opencode/releases/download/v1.3.13/opencode-linux-arm64.tar.gz"

[tools.opencode."platforms.linux-x64"]
checksum = "sha256:08ac2a91d8f071b0e5bb7ec08665c7f944bcba00a6fe02bb66338d74ad067ac5"
url = "https://github.com/anomalyco/opencode/releases/download/v1.3.13/opencode-linux-x64.tar.gz"

[tools.opencode."platforms.linux-x64-baseline"]
checksum = "sha256:08ac2a91d8f071b0e5bb7ec08665c7f944bcba00a6fe02bb66338d74ad067ac5"
url = "https://github.com/anomalyco/opencode/releases/download/v1.3.13/opencode-linux-x64.tar.gz"

[tools.opencode."platforms.linux-x64-musl"]
checksum = "sha256:08ac2a91d8f071b0e5bb7ec08665c7f944bcba00a6fe02bb66338d74ad067ac5"
url = "https://github.com/anomalyco/opencode/releases/download/v1.3.13/opencode-linux-x64.tar.gz"

[tools.opencode."platforms.linux-x64-musl-baseline"]
checksum = "sha256:08ac2a91d8f071b0e5bb7ec08665c7f944bcba00a6fe02bb66338d74ad067ac5"
url = "https://github.com/anomalyco/opencode/releases/download/v1.3.13/opencode-linux-x64.tar.gz"

[tools.opencode."platforms.macos-arm64"]
checksum = "sha256:cbbdbfa19d19f95538909b0af2a49f8bae70ba4f5b6f40d17c6ebb9d19f23f33"
url = "https://github.com/anomalyco/opencode/releases/download/v1.3.13/opencode-darwin-arm64.zip"

[tools.opencode."platforms.macos-x64"]
checksum = "sha256:8fd84abb682ac0ece726e65a3db6bdd7baa0143c968425294283bee1f058bb37"
url = "https://github.com/anomalyco/opencode/releases/download/v1.3.13/opencode-darwin-x64.zip"

[tools.opencode."platforms.macos-x64-baseline"]
checksum = "sha256:8fd84abb682ac0ece726e65a3db6bdd7baa0143c968425294283bee1f058bb37"
url = "https://github.com/anomalyco/opencode/releases/download/v1.3.13/opencode-darwin-x64.zip"

[tools.opencode."platforms.windows-x64"]
checksum = "sha256:c0271e20a95fdd740764bddd4838ee31ef9a87b7a129b3335c959118f4528ce2"
url = "https://github.com/anomalyco/opencode/releases/download/v1.3.13/opencode-windows-x64.zip"

[tools.opencode."platforms.windows-x64-baseline"]
checksum = "sha256:c0271e20a95fdd740764bddd4838ee31ef9a87b7a129b3335c959118f4528ce2"
url = "https://github.com/anomalyco/opencode/releases/download/v1.3.13/opencode-windows-x64.zip"

[[tools.prettier]]
version = "3.8.1"
backend = "npm:prettier"

[[tools.python]]
version = "3.13.12"
backend = "core:python"

[tools.python."platforms.linux-arm64"]
checksum = "sha256:8abd16da242b56902a13ba1d6e3aaa0d6d19dfc71547f04e437f707fde179915"
url = "https://github.com/astral-sh/python-build-standalone/releases/download/20260324/cpython-3.13.12+20260324-aarch64-unknown-linux-gnu-install_only_stripped.tar.gz"
provenance = "github-attestations"

[tools.python."platforms.linux-arm64-musl"]
checksum = "sha256:8abd16da242b56902a13ba1d6e3aaa0d6d19dfc71547f04e437f707fde179915"
url = "https://github.com/astral-sh/python-build-standalone/releases/download/20260324/cpython-3.13.12+20260324-aarch64-unknown-linux-gnu-install_only_stripped.tar.gz"
provenance = "github-attestations"

[tools.python."platforms.linux-x64"]
checksum = "sha256:91c8920a197c3f7c562612eb4537e18e0c52c1c918bb39912cbd0b1b3c154229"
url = "https://github.com/astral-sh/python-build-standalone/releases/download/20260324/cpython-3.13.12+20260324-x86_64-unknown-linux-gnu-install_only_stripped.tar.gz"
provenance = "github-attestations"

[tools.python."platforms.linux-x64-baseline"]
checksum = "sha256:91c8920a197c3f7c562612eb4537e18e0c52c1c918bb39912cbd0b1b3c154229"
url = "https://github.com/astral-sh/python-build-standalone/releases/download/20260324/cpython-3.13.12+20260324-x86_64-unknown-linux-gnu-install_only_stripped.tar.gz"
provenance = "github-attestations"

[tools.python."platforms.linux-x64-musl"]
checksum = "sha256:91c8920a197c3f7c562612eb4537e18e0c52c1c918bb39912cbd0b1b3c154229"
url = "https://github.com/astral-sh/python-build-standalone/releases/download/20260324/cpython-3.13.12+20260324-x86_64-unknown-linux-gnu-install_only_stripped.tar.gz"
provenance = "github-attestations"

[tools.python."platforms.linux-x64-musl-baseline"]
checksum = "sha256:91c8920a197c3f7c562612eb4537e18e0c52c1c918bb39912cbd0b1b3c154229"
url = "https://github.com/astral-sh/python-build-standalone/releases/download/20260324/cpython-3.13.12+20260324-x86_64-unknown-linux-gnu-install_only_stripped.tar.gz"
provenance = "github-attestations"

[tools.python."platforms.macos-arm64"]
checksum = "sha256:3de7059c87c0e7604e3e9397a547020c161f65c8d51d358e230d3a7d3a456aaa"
url = "https://github.com/astral-sh/python-build-standalone/releases/download/20260324/cpython-3.13.12+20260324-aarch64-apple-darwin-install_only_stripped.tar.gz"
provenance = "github-attestations"

[tools.python."platforms.macos-x64"]
checksum = "sha256:7fd6a6162ef82c9df74eb1c71dad042a05960869789915b1203d61f14d3dc629"
url = "https://github.com/astral-sh/python-build-standalone/releases/download/20260324/cpython-3.13.12+20260324-x86_64-apple-darwin-install_only_stripped.tar.gz"
provenance = "github-attestations"

[tools.python."platforms.macos-x64-baseline"]
checksum = "sha256:7fd6a6162ef82c9df74eb1c71dad042a05960869789915b1203d61f14d3dc629"
url = "https://github.com/astral-sh/python-build-standalone/releases/download/20260324/cpython-3.13.12+20260324-x86_64-apple-darwin-install_only_stripped.tar.gz"
provenance = "github-attestations"

[tools.python."platforms.windows-x64"]
checksum = "sha256:b11194bd12122df60e24b08a71a4e5aaa1d15c2cf436f7f4f57bbea4f9a80462"
url = "https://github.com/astral-sh/python-build-standalone/releases/download/20260324/cpython-3.13.12+20260324-x86_64-pc-windows-msvc-install_only_stripped.tar.gz"
provenance = "github-attestations"

[tools.python."platforms.windows-x64-baseline"]
checksum = "sha256:b11194bd12122df60e24b08a71a4e5aaa1d15c2cf436f7f4f57bbea4f9a80462"
url = "https://github.com/astral-sh/python-build-standalone/releases/download/20260324/cpython-3.13.12+20260324-x86_64-pc-windows-msvc-install_only_stripped.tar.gz"
provenance = "github-attestations"

[[tools.ruby]]
version = "4.0.2"
backend = "core:ruby"

[tools.ruby."platforms.linux-arm64"]
checksum = "sha256:f4bae6aba123a65817cb005d35f994781935f58d6388dd6bd3d5cd27f793a463"
url = "https://github.com/jdx/ruby/releases/download/4.0.2/ruby-4.0.2.arm64_linux.tar.gz"
provenance = "github-attestations"

[tools.ruby."platforms.linux-arm64-musl"]
checksum = "sha256:f4bae6aba123a65817cb005d35f994781935f58d6388dd6bd3d5cd27f793a463"
url = "https://github.com/jdx/ruby/releases/download/4.0.2/ruby-4.0.2.arm64_linux.tar.gz"
provenance = "github-attestations"

[tools.ruby."platforms.linux-x64"]
checksum = "sha256:4564603d7f314912091b01978627be183a16b057e3c98309eed0137c3b74601a"
url = "https://github.com/jdx/ruby/releases/download/4.0.2/ruby-4.0.2.x86_64_linux.tar.gz"
provenance = "github-attestations"

[tools.ruby."platforms.linux-x64-baseline"]
checksum = "sha256:4564603d7f314912091b01978627be183a16b057e3c98309eed0137c3b74601a"
url = "https://github.com/jdx/ruby/releases/download/4.0.2/ruby-4.0.2.x86_64_linux.tar.gz"
provenance = "github-attestations"

[tools.ruby."platforms.linux-x64-musl"]
checksum = "sha256:4564603d7f314912091b01978627be183a16b057e3c98309eed0137c3b74601a"
url = "https://github.com/jdx/ruby/releases/download/4.0.2/ruby-4.0.2.x86_64_linux.tar.gz"
provenance = "github-attestations"

[tools.ruby."platforms.linux-x64-musl-baseline"]
checksum = "sha256:4564603d7f314912091b01978627be183a16b057e3c98309eed0137c3b74601a"
url = "https://github.com/jdx/ruby/releases/download/4.0.2/ruby-4.0.2.x86_64_linux.tar.gz"
provenance = "github-attestations"

[tools.ruby."platforms.macos-arm64"]
checksum = "sha256:3719af6ceff6c1b977eecf5b48e398827ea82872377480684b75db5925b78493"
url = "https://github.com/jdx/ruby/releases/download/4.0.2/ruby-4.0.2.macos.tar.gz"
provenance = "github-attestations"

[tools.ruby."platforms.macos-x64"]
checksum = "sha256:51502b26b50b68df4963336ca41e368cde92c928faf91654de4c4c1791f82aac"
url = "https://cache.ruby-lang.org/pub/ruby/4.0/ruby-4.0.2.tar.gz"

[tools.ruby."platforms.macos-x64-baseline"]
checksum = "sha256:51502b26b50b68df4963336ca41e368cde92c928faf91654de4c4c1791f82aac"
url = "https://cache.ruby-lang.org/pub/ruby/4.0/ruby-4.0.2.tar.gz"

[tools.ruby."platforms.windows-x64"]
checksum = "sha256:f6c562d507b272b892055f35ece3cbc65de5f3f2f63d18b7345a602af8c1e655"
url = "https://github.com/oneclick/rubyinstaller2/releases/download/RubyInstaller-4.0.2-1/rubyinstaller-4.0.2-1-x64.7z"

[tools.ruby."platforms.windows-x64-baseline"]
checksum = "sha256:f6c562d507b272b892055f35ece3cbc65de5f3f2f63d18b7345a602af8c1e655"
url = "https://github.com/oneclick/rubyinstaller2/releases/download/RubyInstaller-4.0.2-1/rubyinstaller-4.0.2-1-x64.7z"

[[tools.rust]]
version = "nightly"
backend = "core:rust"

[[tools.stylua]]
version = "2.4.0"
backend = "aqua:JohnnyMorganz/StyLua"

[tools.stylua."platforms.linux-arm64"]
checksum = "sha256:67bbd6ad4d864ab375babdd125ed926183968f5b6e55d7e0a6f9f425511a5408"
url = "https://github.com/JohnnyMorganz/StyLua/releases/download/v2.4.0/stylua-linux-aarch64.zip"

[tools.stylua."platforms.linux-arm64-musl"]
checksum = "sha256:67bbd6ad4d864ab375babdd125ed926183968f5b6e55d7e0a6f9f425511a5408"
url = "https://github.com/JohnnyMorganz/StyLua/releases/download/v2.4.0/stylua-linux-aarch64.zip"

[tools.stylua."platforms.linux-x64"]
checksum = "sha256:b71f09c26ee59bf4d5dcacdd8c9a1bed64481f0bbf9fd5d5f37e83c4e7b684f4"
url = "https://github.com/JohnnyMorganz/StyLua/releases/download/v2.4.0/stylua-linux-x86_64-musl.zip"

[tools.stylua."platforms.linux-x64-baseline"]
checksum = "sha256:b71f09c26ee59bf4d5dcacdd8c9a1bed64481f0bbf9fd5d5f37e83c4e7b684f4"
url = "https://github.com/JohnnyMorganz/StyLua/releases/download/v2.4.0/stylua-linux-x86_64-musl.zip"

[tools.stylua."platforms.linux-x64-musl"]
checksum = "sha256:b71f09c26ee59bf4d5dcacdd8c9a1bed64481f0bbf9fd5d5f37e83c4e7b684f4"
url = "https://github.com/JohnnyMorganz/StyLua/releases/download/v2.4.0/stylua-linux-x86_64-musl.zip"

[tools.stylua."platforms.linux-x64-musl-baseline"]
checksum = "sha256:b71f09c26ee59bf4d5dcacdd8c9a1bed64481f0bbf9fd5d5f37e83c4e7b684f4"
url = "https://github.com/JohnnyMorganz/StyLua/releases/download/v2.4.0/stylua-linux-x86_64-musl.zip"

[tools.stylua."platforms.macos-arm64"]
checksum = "sha256:ec74ecdc30ec15aefa15f65cc55d6f10f91f97dd30c39c4347954af849e3f248"
url = "https://github.com/JohnnyMorganz/StyLua/releases/download/v2.4.0/stylua-macos-aarch64.zip"

[tools.stylua."platforms.macos-x64"]
checksum = "sha256:bf2ce0a1431c39800cf19068ac50deec5c79e5fa99900cc99159de9c1af80254"
url = "https://github.com/JohnnyMorganz/StyLua/releases/download/v2.4.0/stylua-macos-x86_64.zip"

[tools.stylua."platforms.macos-x64-baseline"]
checksum = "sha256:bf2ce0a1431c39800cf19068ac50deec5c79e5fa99900cc99159de9c1af80254"
url = "https://github.com/JohnnyMorganz/StyLua/releases/download/v2.4.0/stylua-macos-x86_64.zip"

[tools.stylua."platforms.windows-x64"]
checksum = "sha256:3803853280cb524560c6ce0d4140f6d9f02e03f55e1ce50bb4f5e51e07565794"
url = "https://github.com/JohnnyMorganz/StyLua/releases/download/v2.4.0/stylua-windows-x86_64.zip"

[tools.stylua."platforms.windows-x64-baseline"]
checksum = "sha256:3803853280cb524560c6ce0d4140f6d9f02e03f55e1ce50bb4f5e51e07565794"
url = "https://github.com/JohnnyMorganz/StyLua/releases/download/v2.4.0/stylua-windows-x86_64.zip"

[[tools.tree-sitter]]
version = "0.26.8"
backend = "aqua:tree-sitter/tree-sitter"

[tools.tree-sitter."platforms.linux-arm64"]
checksum = "sha256:e339d6533b20830dd1666fe320aff85d301b3f59964a3836870b77f4827f9a17"
url = "https://github.com/tree-sitter/tree-sitter/releases/download/v0.26.8/tree-sitter-linux-arm64.gz"

[tools.tree-sitter."platforms.linux-arm64-musl"]
checksum = "sha256:e339d6533b20830dd1666fe320aff85d301b3f59964a3836870b77f4827f9a17"
url = "https://github.com/tree-sitter/tree-sitter/releases/download/v0.26.8/tree-sitter-linux-arm64.gz"

[tools.tree-sitter."platforms.linux-x64"]
checksum = "sha256:9754a32800f0b970152782df177b4a47c711e34e651a7aceb384d8bd29fa136e"
url = "https://github.com/tree-sitter/tree-sitter/releases/download/v0.26.8/tree-sitter-linux-x64.gz"

[tools.tree-sitter."platforms.linux-x64-baseline"]
checksum = "sha256:9754a32800f0b970152782df177b4a47c711e34e651a7aceb384d8bd29fa136e"
url = "https://github.com/tree-sitter/tree-sitter/releases/download/v0.26.8/tree-sitter-linux-x64.gz"

[tools.tree-sitter."platforms.linux-x64-musl"]
checksum = "sha256:9754a32800f0b970152782df177b4a47c711e34e651a7aceb384d8bd29fa136e"
url = "https://github.com/tree-sitter/tree-sitter/releases/download/v0.26.8/tree-sitter-linux-x64.gz"

[tools.tree-sitter."platforms.linux-x64-musl-baseline"]
checksum = "sha256:9754a32800f0b970152782df177b4a47c711e34e651a7aceb384d8bd29fa136e"
url = "https://github.com/tree-sitter/tree-sitter/releases/download/v0.26.8/tree-sitter-linux-x64.gz"

[tools.tree-sitter."platforms.macos-arm64"]
checksum = "sha256:024e2cee34723524d62d41bde4d2b4af23c8bbe0236e116c79c0b37d9575889e"
url = "https://github.com/tree-sitter/tree-sitter/releases/download/v0.26.8/tree-sitter-macos-arm64.gz"
provenance = "github-attestations"

[tools.tree-sitter."platforms.macos-x64"]
checksum = "sha256:d0daa279054c1d1cedb08f5ca784b451ceb1f0e6b083b112d07317958ae77fe0"
url = "https://github.com/tree-sitter/tree-sitter/releases/download/v0.26.8/tree-sitter-macos-x64.gz"

[tools.tree-sitter."platforms.macos-x64-baseline"]
checksum = "sha256:d0daa279054c1d1cedb08f5ca784b451ceb1f0e6b083b112d07317958ae77fe0"
url = "https://github.com/tree-sitter/tree-sitter/releases/download/v0.26.8/tree-sitter-macos-x64.gz"

[tools.tree-sitter."platforms.windows-x64"]
checksum = "sha256:28301a969412066bf4818c30c71d9c313091a9b9dc24b53a14ddda3a8e2cc2bb"
url = "https://github.com/tree-sitter/tree-sitter/releases/download/v0.26.8/tree-sitter-windows-x64.gz"

[tools.tree-sitter."platforms.windows-x64-baseline"]
checksum = "sha256:28301a969412066bf4818c30c71d9c313091a9b9dc24b53a14ddda3a8e2cc2bb"
url = "https://github.com/tree-sitter/tree-sitter/releases/download/v0.26.8/tree-sitter-windows-x64.gz"

[[tools.uv]]
version = "0.11.3"
backend = "aqua:astral-sh/uv"

[tools.uv."platforms.linux-arm64"]
checksum = "sha256:8ecec82cb9a744d5fabff6d16d7777218a7730f699d2aa0d2f751c17858e2efa"
url = "https://github.com/astral-sh/uv/releases/download/0.11.3/uv-aarch64-unknown-linux-musl.tar.gz"

[tools.uv."platforms.linux-arm64-musl"]
checksum = "sha256:8ecec82cb9a744d5fabff6d16d7777218a7730f699d2aa0d2f751c17858e2efa"
url = "https://github.com/astral-sh/uv/releases/download/0.11.3/uv-aarch64-unknown-linux-musl.tar.gz"

[tools.uv."platforms.linux-x64"]
checksum = "sha256:8b40cf16b849634b81a530a3d0a0bcae5f24996ef9ae782976fd69b6266d3b8e"
url = "https://github.com/astral-sh/uv/releases/download/0.11.3/uv-x86_64-unknown-linux-musl.tar.gz"

[tools.uv."platforms.linux-x64-baseline"]
checksum = "sha256:8b40cf16b849634b81a530a3d0a0bcae5f24996ef9ae782976fd69b6266d3b8e"
url = "https://github.com/astral-sh/uv/releases/download/0.11.3/uv-x86_64-unknown-linux-musl.tar.gz"

[tools.uv."platforms.linux-x64-musl"]
checksum = "sha256:8b40cf16b849634b81a530a3d0a0bcae5f24996ef9ae782976fd69b6266d3b8e"
url = "https://github.com/astral-sh/uv/releases/download/0.11.3/uv-x86_64-unknown-linux-musl.tar.gz"

[tools.uv."platforms.linux-x64-musl-baseline"]
checksum = "sha256:8b40cf16b849634b81a530a3d0a0bcae5f24996ef9ae782976fd69b6266d3b8e"
url = "https://github.com/astral-sh/uv/releases/download/0.11.3/uv-x86_64-unknown-linux-musl.tar.gz"

[tools.uv."platforms.macos-arm64"]
checksum = "sha256:2bc3d0c7bf2bd08325b1e170abac6f7e5b3346e1d4eab3370d17cefec934996f"
url = "https://github.com/astral-sh/uv/releases/download/0.11.3/uv-aarch64-apple-darwin.tar.gz"
provenance = "github-attestations"

[tools.uv."platforms.macos-x64"]
checksum = "sha256:b0e05e0b43a000fdc2132ee3f3400ba5dee427bc2337d3ec4eb8cf4f3d5722af"
url = "https://github.com/astral-sh/uv/releases/download/0.11.3/uv-x86_64-apple-darwin.tar.gz"

[tools.uv."platforms.macos-x64-baseline"]
checksum = "sha256:b0e05e0b43a000fdc2132ee3f3400ba5dee427bc2337d3ec4eb8cf4f3d5722af"
url = "https://github.com/astral-sh/uv/releases/download/0.11.3/uv-x86_64-apple-darwin.tar.gz"

[tools.uv."platforms.windows-x64"]
checksum = "sha256:ae681c0aaec7cc96af184648cb88d73f8393ed60fa5880abdd6bdb910f9b227c"
url = "https://github.com/astral-sh/uv/releases/download/0.11.3/uv-x86_64-pc-windows-msvc.zip"

[tools.uv."platforms.windows-x64-baseline"]
checksum = "sha256:ae681c0aaec7cc96af184648cb88d73f8393ed60fa5880abdd6bdb910f9b227c"
url = "https://github.com/astral-sh/uv/releases/download/0.11.3/uv-x86_64-pc-windows-msvc.zip"

[[tools.vault]]
version = "1.21.4"
backend = "aqua:hashicorp/vault"

[tools.vault."platforms.linux-arm64"]
checksum = "sha256:1104ef701aad16e104e2e7b4d2a02a6ec993237559343f3097ac63a00b42e85d"
url = "https://releases.hashicorp.com/vault/1.21.4/vault_1.21.4_linux_arm64.zip"

[tools.vault."platforms.linux-arm64-musl"]
checksum = "sha256:1104ef701aad16e104e2e7b4d2a02a6ec993237559343f3097ac63a00b42e85d"
url = "https://releases.hashicorp.com/vault/1.21.4/vault_1.21.4_linux_arm64.zip"

[tools.vault."platforms.linux-x64"]
checksum = "sha256:889b681990fe221b884b7932fa9c9dd0ee9811b9349554f1aa287ab63c9f3dae"
url = "https://releases.hashicorp.com/vault/1.21.4/vault_1.21.4_linux_amd64.zip"

[tools.vault."platforms.linux-x64-baseline"]
checksum = "sha256:889b681990fe221b884b7932fa9c9dd0ee9811b9349554f1aa287ab63c9f3dae"
url = "https://releases.hashicorp.com/vault/1.21.4/vault_1.21.4_linux_amd64.zip"

[tools.vault."platforms.linux-x64-musl"]
checksum = "sha256:889b681990fe221b884b7932fa9c9dd0ee9811b9349554f1aa287ab63c9f3dae"
url = "https://releases.hashicorp.com/vault/1.21.4/vault_1.21.4_linux_amd64.zip"

[tools.vault."platforms.linux-x64-musl-baseline"]
checksum = "sha256:889b681990fe221b884b7932fa9c9dd0ee9811b9349554f1aa287ab63c9f3dae"
url = "https://releases.hashicorp.com/vault/1.21.4/vault_1.21.4_linux_amd64.zip"

[tools.vault."platforms.macos-arm64"]
checksum = "sha256:c79012c1c8aedd682c68b5d9c89149030611c82da57f45383aef004b39a640d2"
url = "https://releases.hashicorp.com/vault/1.21.4/vault_1.21.4_darwin_arm64.zip"

[tools.vault."platforms.macos-x64"]
checksum = "sha256:a667be3cf56dd0f21a23ba26b47028d1f51b3ca61e71b0e29ceafef1c2a1dc3a"
url = "https://releases.hashicorp.com/vault/1.21.4/vault_1.21.4_darwin_amd64.zip"

[tools.vault."platforms.macos-x64-baseline"]
checksum = "sha256:a667be3cf56dd0f21a23ba26b47028d1f51b3ca61e71b0e29ceafef1c2a1dc3a"
url = "https://releases.hashicorp.com/vault/1.21.4/vault_1.21.4_darwin_amd64.zip"

[tools.vault."platforms.windows-x64"]
checksum = "sha256:eaee599df806d467c14f572fdede45c7a5ae3948386343e9db0fe5ce921d4e0a"
url = "https://releases.hashicorp.com/vault/1.21.4/vault_1.21.4_windows_amd64.zip"

[tools.vault."platforms.windows-x64-baseline"]
checksum = "sha256:eaee599df806d467c14f572fdede45c7a5ae3948386343e9db0fe5ce921d4e0a"
url = "https://releases.hashicorp.com/vault/1.21.4/vault_1.21.4_windows_amd64.zip"
