# @generated - this file is auto-generated by `mise lock` https://mise.en.dev/dev-tools/mise-lock.html

[[tools.bun]]
version = "1.3.14"
backend = "core:bun"

[tools.bun."platforms.linux-arm64"]
checksum = "sha256:a27ffb63a8310375836e0d6f668ae17fa8d8d18b88c37c821c65331973a19a3b"
url = "https://github.com/oven-sh/bun/releases/download/bun-v1.3.14/bun-linux-aarch64.zip"

[tools.bun."platforms.linux-arm64-musl"]
checksum = "sha256:b98e0ad3625c5c00d1d5b5ff55605c7adddbfae151861e68ade57b2d3b8703bb"
url = "https://github.com/oven-sh/bun/releases/download/bun-v1.3.14/bun-linux-aarch64-musl.zip"

[tools.bun."platforms.linux-x64"]
checksum = "sha256:951ee2aee855f08595aeec6225226a298d3fea83a3dcd6465c09cbccdf7e848f"
url = "https://github.com/oven-sh/bun/releases/download/bun-v1.3.14/bun-linux-x64.zip"

[tools.bun."platforms.linux-x64-baseline"]
checksum = "sha256:a063908ae08b7852ca10939bbdc6ceed3ddabce8fb9402dce83d65d73b36e6c7"
url = "https://github.com/oven-sh/bun/releases/download/bun-v1.3.14/bun-linux-x64-baseline.zip"

[tools.bun."platforms.linux-x64-musl"]
checksum = "sha256:14bd9aedeebf1dba67e8def9531c89bc989ecfdf1de42e5bfcaf1b8cd9294719"
url = "https://github.com/oven-sh/bun/releases/download/bun-v1.3.14/bun-linux-x64-musl.zip"

[tools.bun."platforms.linux-x64-musl-baseline"]
checksum = "sha256:56a7d6806cf155536c0178f0ea5fbd098e684fa509ebdb4fc0a7e19fb65382dc"
url = "https://github.com/oven-sh/bun/releases/download/bun-v1.3.14/bun-linux-x64-musl-baseline.zip"

[tools.bun."platforms.macos-arm64"]
checksum = "sha256:d8b96221828ad6f97ac7ac0ab7e95872341af763001e8803e8267652c2652620"
url = "https://github.com/oven-sh/bun/releases/download/bun-v1.3.14/bun-darwin-aarch64.zip"

[tools.bun."platforms.macos-x64"]
checksum = "sha256:4183df3374623e5bab315c547cfa0974533cd457d86b73b639f7a87974cd6633"
url = "https://github.com/oven-sh/bun/releases/download/bun-v1.3.14/bun-darwin-x64.zip"

[tools.bun."platforms.macos-x64-baseline"]
checksum = "sha256:3e35ad6f53971a9834bf9e6786e2adf72b5f1921cc9a9c5fde073d2972944076"
url = "https://github.com/oven-sh/bun/releases/download/bun-v1.3.14/bun-darwin-x64-baseline.zip"

[tools.bun."platforms.windows-x64"]
checksum = "sha256:0a0620930b6675d7ba440e81f4e0e00d3cfbe096c4b140d3fff02205e9e18922"
url = "https://github.com/oven-sh/bun/releases/download/bun-v1.3.14/bun-windows-x64.zip"

[tools.bun."platforms.windows-x64-baseline"]
checksum = "sha256:538f9c846355d9e847b2671bc00c47da4229a0befb24df3282b739770f3b475f"
url = "https://github.com/oven-sh/bun/releases/download/bun-v1.3.14/bun-windows-x64-baseline.zip"

[[tools.cargo-binstall]]
version = "1.19.1"
backend = "aqua:cargo-bins/cargo-binstall"

[tools.cargo-binstall."platforms.linux-arm64"]
checksum = "sha256:2001eee8da26705ad9627e57a25c23eb4639647521205f3e4a7b4e09d067d199"
url = "https://github.com/cargo-bins/cargo-binstall/releases/download/v1.19.1/cargo-binstall-aarch64-unknown-linux-musl.tgz"
provenance = "github-attestations"

[tools.cargo-binstall."platforms.linux-arm64-musl"]
checksum = "sha256:2001eee8da26705ad9627e57a25c23eb4639647521205f3e4a7b4e09d067d199"
url = "https://github.com/cargo-bins/cargo-binstall/releases/download/v1.19.1/cargo-binstall-aarch64-unknown-linux-musl.tgz"
provenance = "github-attestations"

[tools.cargo-binstall."platforms.linux-x64"]
checksum = "sha256:4a50fcf01418862e2fa8e4076cb6cb80ff4061b0c0b1464e71a63ce01ee29bde"
url = "https://github.com/cargo-bins/cargo-binstall/releases/download/v1.19.1/cargo-binstall-x86_64-unknown-linux-musl.tgz"
provenance = "github-attestations"

[tools.cargo-binstall."platforms.linux-x64-baseline"]
checksum = "sha256:4a50fcf01418862e2fa8e4076cb6cb80ff4061b0c0b1464e71a63ce01ee29bde"
url = "https://github.com/cargo-bins/cargo-binstall/releases/download/v1.19.1/cargo-binstall-x86_64-unknown-linux-musl.tgz"
provenance = "github-attestations"

[tools.cargo-binstall."platforms.linux-x64-musl"]
checksum = "sha256:4a50fcf01418862e2fa8e4076cb6cb80ff4061b0c0b1464e71a63ce01ee29bde"
url = "https://github.com/cargo-bins/cargo-binstall/releases/download/v1.19.1/cargo-binstall-x86_64-unknown-linux-musl.tgz"
provenance = "github-attestations"

[tools.cargo-binstall."platforms.linux-x64-musl-baseline"]
checksum = "sha256:4a50fcf01418862e2fa8e4076cb6cb80ff4061b0c0b1464e71a63ce01ee29bde"
url = "https://github.com/cargo-bins/cargo-binstall/releases/download/v1.19.1/cargo-binstall-x86_64-unknown-linux-musl.tgz"
provenance = "github-attestations"

[tools.cargo-binstall."platforms.macos-arm64"]
checksum = "sha256:bf9da6a27e432784f361cfbc70a6d04e548abc548470ae9a7587c3cffb8fb0a7"
url = "https://github.com/cargo-bins/cargo-binstall/releases/download/v1.19.1/cargo-binstall-aarch64-apple-darwin.zip"
provenance = "github-attestations"

[tools.cargo-binstall."platforms.macos-x64"]
checksum = "sha256:39257851fe4fd8cc9dd81fb318f15d589b7178b74165879eddeda8062bd9fcf2"
url = "https://github.com/cargo-bins/cargo-binstall/releases/download/v1.19.1/cargo-binstall-x86_64-apple-darwin.zip"
provenance = "github-attestations"

[tools.cargo-binstall."platforms.macos-x64-baseline"]
checksum = "sha256:39257851fe4fd8cc9dd81fb318f15d589b7178b74165879eddeda8062bd9fcf2"
url = "https://github.com/cargo-bins/cargo-binstall/releases/download/v1.19.1/cargo-binstall-x86_64-apple-darwin.zip"
provenance = "github-attestations"

[tools.cargo-binstall."platforms.windows-x64"]
checksum = "sha256:dd1f425c177aa1a57c9b17883ff76257f913a5f0afb35424f0767c6984164b7f"
url = "https://github.com/cargo-bins/cargo-binstall/releases/download/v1.19.1/cargo-binstall-x86_64-pc-windows-msvc.zip"
provenance = "github-attestations"

[tools.cargo-binstall."platforms.windows-x64-baseline"]
checksum = "sha256:dd1f425c177aa1a57c9b17883ff76257f913a5f0afb35424f0767c6984164b7f"
url = "https://github.com/cargo-bins/cargo-binstall/releases/download/v1.19.1/cargo-binstall-x86_64-pc-windows-msvc.zip"
provenance = "github-attestations"

[[tools.delta]]
version = "0.19.2"
backend = "aqua:dandavison/delta"

[tools.delta."platforms.linux-arm64"]
checksum = "sha256:0bfce159a5cddd5feb3d6db4a616d883ff51253ce08ac7ec11cb1d208cfaab9e"
url = "https://github.com/dandavison/delta/releases/download/0.19.2/delta-0.19.2-aarch64-unknown-linux-gnu.tar.gz"

[tools.delta."platforms.linux-arm64-musl"]
checksum = "sha256:0bfce159a5cddd5feb3d6db4a616d883ff51253ce08ac7ec11cb1d208cfaab9e"
url = "https://github.com/dandavison/delta/releases/download/0.19.2/delta-0.19.2-aarch64-unknown-linux-gnu.tar.gz"

[tools.delta."platforms.linux-x64"]
checksum = "sha256:f1ea01ca7728ce3462debc359f39dfc7cbbc1a63224b71fefabf92042864aa1b"
url = "https://github.com/dandavison/delta/releases/download/0.19.2/delta-0.19.2-x86_64-unknown-linux-musl.tar.gz"

[tools.delta."platforms.linux-x64-baseline"]
checksum = "sha256:f1ea01ca7728ce3462debc359f39dfc7cbbc1a63224b71fefabf92042864aa1b"
url = "https://github.com/dandavison/delta/releases/download/0.19.2/delta-0.19.2-x86_64-unknown-linux-musl.tar.gz"

[tools.delta."platforms.linux-x64-musl"]
checksum = "sha256:f1ea01ca7728ce3462debc359f39dfc7cbbc1a63224b71fefabf92042864aa1b"
url = "https://github.com/dandavison/delta/releases/download/0.19.2/delta-0.19.2-x86_64-unknown-linux-musl.tar.gz"

[tools.delta."platforms.linux-x64-musl-baseline"]
checksum = "sha256:f1ea01ca7728ce3462debc359f39dfc7cbbc1a63224b71fefabf92042864aa1b"
url = "https://github.com/dandavison/delta/releases/download/0.19.2/delta-0.19.2-x86_64-unknown-linux-musl.tar.gz"

[tools.delta."platforms.macos-arm64"]
checksum = "sha256:9be36612a5a13e9e386dc498fb8e50dc87c72ee42b63db0ea05b32f99a72a69a"
url = "https://github.com/dandavison/delta/releases/download/0.19.2/delta-0.19.2-aarch64-apple-darwin.tar.gz"

[tools.delta."platforms.windows-x64"]
checksum = "sha256:ac8ebb4a9f1cbee8b9ea897ba119808a244181adae6f3bed1f3b6b923c50b557"
url = "https://github.com/dandavison/delta/releases/download/0.19.2/delta-0.19.2-x86_64-pc-windows-msvc.zip"

[tools.delta."platforms.windows-x64-baseline"]
checksum = "sha256:ac8ebb4a9f1cbee8b9ea897ba119808a244181adae6f3bed1f3b6b923c50b557"
url = "https://github.com/dandavison/delta/releases/download/0.19.2/delta-0.19.2-x86_64-pc-windows-msvc.zip"

[[tools.go]]
version = "1.26.4"
backend = "core:go"

[tools.go."platforms.linux-arm64"]
checksum = "sha256:ef758ae7c6cf9267c9c0ef080b8965f453d89ab2d25d9eb22de4405925238768"
url = "https://dl.google.com/go/go1.26.4.linux-arm64.tar.gz"

[tools.go."platforms.linux-arm64-musl"]
checksum = "sha256:ef758ae7c6cf9267c9c0ef080b8965f453d89ab2d25d9eb22de4405925238768"
url = "https://dl.google.com/go/go1.26.4.linux-arm64.tar.gz"

[tools.go."platforms.linux-x64"]
checksum = "sha256:1153d3d50e0ac764b447adfe05c2bcf08e889d42a02e0fe0259bd47f6733ad7f"
url = "https://dl.google.com/go/go1.26.4.linux-amd64.tar.gz"

[tools.go."platforms.linux-x64-baseline"]
checksum = "sha256:1153d3d50e0ac764b447adfe05c2bcf08e889d42a02e0fe0259bd47f6733ad7f"
url = "https://dl.google.com/go/go1.26.4.linux-amd64.tar.gz"

[tools.go."platforms.linux-x64-musl"]
checksum = "sha256:1153d3d50e0ac764b447adfe05c2bcf08e889d42a02e0fe0259bd47f6733ad7f"
url = "https://dl.google.com/go/go1.26.4.linux-amd64.tar.gz"

[tools.go."platforms.linux-x64-musl-baseline"]
checksum = "sha256:1153d3d50e0ac764b447adfe05c2bcf08e889d42a02e0fe0259bd47f6733ad7f"
url = "https://dl.google.com/go/go1.26.4.linux-amd64.tar.gz"

[tools.go."platforms.macos-arm64"]
checksum = "sha256:b62ad2b6d7d2464f12a5bcad7ff47f19d08325773b5efd21610e445a05a9bf53"
url = "https://dl.google.com/go/go1.26.4.darwin-arm64.tar.gz"

[tools.go."platforms.macos-x64"]
checksum = "sha256:05dc9b5f9997744520aaebb3d5deaa7c755371aebbfb7f97c2511a9f3367538d"
url = "https://dl.google.com/go/go1.26.4.darwin-amd64.tar.gz"

[tools.go."platforms.macos-x64-baseline"]
checksum = "sha256:05dc9b5f9997744520aaebb3d5deaa7c755371aebbfb7f97c2511a9f3367538d"
url = "https://dl.google.com/go/go1.26.4.darwin-amd64.tar.gz"

[tools.go."platforms.windows-x64"]
checksum = "sha256:3ca8fb4630b07c419cbdd51f754e31363cfcfb83b3a5354d9e895c90be2cc345"
url = "https://dl.google.com/go/go1.26.4.windows-amd64.zip"

[tools.go."platforms.windows-x64-baseline"]
checksum = "sha256:3ca8fb4630b07c419cbdd51f754e31363cfcfb83b3a5354d9e895c90be2cc345"
url = "https://dl.google.com/go/go1.26.4.windows-amd64.zip"

[[tools.markdownlint-cli2]]
version = "0.22.1"
backend = "npm:markdownlint-cli2"

[[tools.node]]
version = "25.9.0"
backend = "core:node"

[tools.node."platforms.linux-arm64"]
checksum = "sha256:8fb4283301b8c720fc9f18bffff0f659e72cc14d0cf207a3bb411808aaa73a57"
url = "https://nodejs.org/dist/v25.9.0/node-v25.9.0-linux-arm64.tar.gz"

[tools.node."platforms.linux-arm64-musl"]
checksum = "sha256:97f6fe125faa51f84a7bb600d0cd7aefcfaaa0e75a5f49a7c61c3df91d12d535"
url = "https://unofficial-builds.nodejs.org/download/release/v25.9.0/node-v25.9.0-linux-arm64-musl.tar.gz"

[tools.node."platforms.linux-x64"]
checksum = "sha256:134e55b2408448a219760fe04dc44d6851f9de8a79549021ffd870e9082d9e7b"
url = "https://nodejs.org/dist/v25.9.0/node-v25.9.0-linux-x64.tar.gz"

[tools.node."platforms.linux-x64-baseline"]
checksum = "sha256:134e55b2408448a219760fe04dc44d6851f9de8a79549021ffd870e9082d9e7b"
url = "https://nodejs.org/dist/v25.9.0/node-v25.9.0-linux-x64.tar.gz"

[tools.node."platforms.linux-x64-musl"]
checksum = "sha256:1ac44af012be6bc17f1e3723edbf12897c0baeae5d1dc75b9f97d71413e4c8f5"
url = "https://unofficial-builds.nodejs.org/download/release/v25.9.0/node-v25.9.0-linux-x64-musl.tar.gz"

[tools.node."platforms.linux-x64-musl-baseline"]
checksum = "sha256:1ac44af012be6bc17f1e3723edbf12897c0baeae5d1dc75b9f97d71413e4c8f5"
url = "https://unofficial-builds.nodejs.org/download/release/v25.9.0/node-v25.9.0-linux-x64-musl.tar.gz"

[tools.node."platforms.macos-arm64"]
checksum = "sha256:e479f3c469d3d9303a44f00a8ea37a3788395d171bb8059c48a4bbbd2e371b59"
url = "https://nodejs.org/dist/v25.9.0/node-v25.9.0-darwin-arm64.tar.gz"

[tools.node."platforms.macos-x64"]
checksum = "sha256:7d737b53ce191142bfa1c17cfa5b070d96e84eebf76b8dd06d84981cbdc3f7e3"
url = "https://nodejs.org/dist/v25.9.0/node-v25.9.0-darwin-x64.tar.gz"

[tools.node."platforms.macos-x64-baseline"]
checksum = "sha256:7d737b53ce191142bfa1c17cfa5b070d96e84eebf76b8dd06d84981cbdc3f7e3"
url = "https://nodejs.org/dist/v25.9.0/node-v25.9.0-darwin-x64.tar.gz"

[tools.node."platforms.windows-x64"]
checksum = "sha256:929552b8305effac843ba7b4270c437aefb702fc3fbd73fcd1bffd35d4ac284e"
url = "https://nodejs.org/dist/v25.9.0/node-v25.9.0-win-x64.zip"

[tools.node."platforms.windows-x64-baseline"]
checksum = "sha256:929552b8305effac843ba7b4270c437aefb702fc3fbd73fcd1bffd35d4ac284e"
url = "https://nodejs.org/dist/v25.9.0/node-v25.9.0-win-x64.zip"

[[tools."npm:@github/copilot"]]
version = "1.0.60"
backend = "npm:@github/copilot"

[[tools."npm:@mermaid-js/mermaid-cli"]]
version = "11.15.0"
backend = "npm:@mermaid-js/mermaid-cli"

[[tools."npm:mcp-hub"]]
version = "4.2.1"
backend = "npm:mcp-hub"

[[tools.opencode]]
version = "1.16.2"
backend = "aqua:anomalyco/opencode"

[tools.opencode."platforms.linux-arm64"]
checksum = "sha256:eb1d5876c70675cfda93c4a1c4385d727412fae73154f1f005d155626df5b559"
url = "https://github.com/anomalyco/opencode/releases/download/v1.16.2/opencode-linux-arm64.tar.gz"

[tools.opencode."platforms.linux-arm64-musl"]
checksum = "sha256:549d9e7ba9de70f6bdadb0bc199e4c7d57564b0612311a985fc7dffae3b65fe5"
url = "https://github.com/anomalyco/opencode/releases/download/v1.16.2/opencode-linux-arm64-musl.tar.gz"

[tools.opencode."platforms.linux-x64"]
checksum = "sha256:06a79c5bb7f8d01716b2440712cf67facd36db59188809aeb232374b206bd429"
url = "https://github.com/anomalyco/opencode/releases/download/v1.16.2/opencode-linux-x64.tar.gz"

[tools.opencode."platforms.linux-x64-baseline"]
checksum = "sha256:06a79c5bb7f8d01716b2440712cf67facd36db59188809aeb232374b206bd429"
url = "https://github.com/anomalyco/opencode/releases/download/v1.16.2/opencode-linux-x64.tar.gz"

[tools.opencode."platforms.linux-x64-musl"]
checksum = "sha256:100a09e77c71d319dfaff781ac06dae159812c03b084efc2ae7b7e4eed49dfe7"
url = "https://github.com/anomalyco/opencode/releases/download/v1.16.2/opencode-linux-x64-musl.tar.gz"

[tools.opencode."platforms.linux-x64-musl-baseline"]
checksum = "sha256:100a09e77c71d319dfaff781ac06dae159812c03b084efc2ae7b7e4eed49dfe7"
url = "https://github.com/anomalyco/opencode/releases/download/v1.16.2/opencode-linux-x64-musl.tar.gz"

[tools.opencode."platforms.macos-arm64"]
checksum = "sha256:01585ff4d15820bd3a878e4bc7cacfb1ea75e236d1fed8c2f5f3595edc8b7ab5"
url = "https://github.com/anomalyco/opencode/releases/download/v1.16.2/opencode-darwin-arm64.zip"

[tools.opencode."platforms.macos-x64"]
checksum = "sha256:1844bb6cbba789d7bb4e6b417feff73407f864ce68d6fb6d73cb2860870244fc"
url = "https://github.com/anomalyco/opencode/releases/download/v1.16.2/opencode-darwin-x64.zip"

[tools.opencode."platforms.macos-x64-baseline"]
checksum = "sha256:1844bb6cbba789d7bb4e6b417feff73407f864ce68d6fb6d73cb2860870244fc"
url = "https://github.com/anomalyco/opencode/releases/download/v1.16.2/opencode-darwin-x64.zip"

[tools.opencode."platforms.windows-x64"]
checksum = "sha256:68f276940190e64a0bbee254789e66e0b397a2685700327412096eca1f66308e"
url = "https://github.com/anomalyco/opencode/releases/download/v1.16.2/opencode-windows-x64.zip"

[tools.opencode."platforms.windows-x64-baseline"]
checksum = "sha256:68f276940190e64a0bbee254789e66e0b397a2685700327412096eca1f66308e"
url = "https://github.com/anomalyco/opencode/releases/download/v1.16.2/opencode-windows-x64.zip"

[[tools.prettier]]
version = "3.8.3"
backend = "npm:prettier"

[[tools.python]]
version = "3.13.13"
backend = "core:python"

[tools.python."platforms.linux-arm64"]
checksum = "sha256:b396c30748c4aa2ca3990464e397bf04cdd3281a4f0464a8ad179daf96f080e2"
url = "https://github.com/astral-sh/python-build-standalone/releases/download/20260602/cpython-3.13.13+20260602-aarch64-unknown-linux-gnu-install_only_stripped.tar.gz"
provenance = "github-attestations"

[tools.python."platforms.linux-arm64-musl"]
checksum = "sha256:d9d48b63bdb28fc16e9414cf5af18349e1678abd5b5754fb0b39eeabaabe9a2f"
url = "https://github.com/astral-sh/python-build-standalone/releases/download/20260602/cpython-3.13.13+20260602-aarch64-unknown-linux-musl-install_only_stripped.tar.gz"
provenance = "github-attestations"

[tools.python."platforms.linux-x64"]
checksum = "sha256:c249d2b96af6912c3910f234b96aa8d20d30e8b0c46d0584fa956d7a77036ea9"
url = "https://github.com/astral-sh/python-build-standalone/releases/download/20260602/cpython-3.13.13+20260602-x86_64-unknown-linux-gnu-install_only_stripped.tar.gz"
provenance = "github-attestations"

[tools.python."platforms.linux-x64-baseline"]
checksum = "sha256:c249d2b96af6912c3910f234b96aa8d20d30e8b0c46d0584fa956d7a77036ea9"
url = "https://github.com/astral-sh/python-build-standalone/releases/download/20260602/cpython-3.13.13+20260602-x86_64-unknown-linux-gnu-install_only_stripped.tar.gz"
provenance = "github-attestations"

[tools.python."platforms.linux-x64-musl"]
checksum = "sha256:5d9a053d28c9d09ecd50e700df88162b0a34b64930f9a35b09a58c105927508a"
url = "https://github.com/astral-sh/python-build-standalone/releases/download/20260602/cpython-3.13.13+20260602-x86_64-unknown-linux-musl-install_only_stripped.tar.gz"
provenance = "github-attestations"

[tools.python."platforms.linux-x64-musl-baseline"]
checksum = "sha256:5d9a053d28c9d09ecd50e700df88162b0a34b64930f9a35b09a58c105927508a"
url = "https://github.com/astral-sh/python-build-standalone/releases/download/20260602/cpython-3.13.13+20260602-x86_64-unknown-linux-musl-install_only_stripped.tar.gz"
provenance = "github-attestations"

[tools.python."platforms.macos-arm64"]
checksum = "sha256:b929647e1ebe243bd8b66c731e102b97dd7bdcc08127f03b7b22997ac4667403"
url = "https://github.com/astral-sh/python-build-standalone/releases/download/20260602/cpython-3.13.13+20260602-aarch64-apple-darwin-install_only_stripped.tar.gz"
provenance = "github-attestations"

[tools.python."platforms.macos-x64"]
checksum = "sha256:90761d4827285280b38e8d8ecd83f08b838f03730b891c6714e584fb0a53395d"
url = "https://github.com/astral-sh/python-build-standalone/releases/download/20260602/cpython-3.13.13+20260602-x86_64-apple-darwin-install_only_stripped.tar.gz"
provenance = "github-attestations"

[tools.python."platforms.macos-x64-baseline"]
checksum = "sha256:90761d4827285280b38e8d8ecd83f08b838f03730b891c6714e584fb0a53395d"
url = "https://github.com/astral-sh/python-build-standalone/releases/download/20260602/cpython-3.13.13+20260602-x86_64-apple-darwin-install_only_stripped.tar.gz"
provenance = "github-attestations"

[tools.python."platforms.windows-x64"]
checksum = "sha256:747876f7d97b228faccf680022de675ade6416f3e8e383efeb4976fd22a122f7"
url = "https://github.com/astral-sh/python-build-standalone/releases/download/20260602/cpython-3.13.13+20260602-x86_64-pc-windows-msvc-install_only_stripped.tar.gz"
provenance = "github-attestations"

[tools.python."platforms.windows-x64-baseline"]
checksum = "sha256:747876f7d97b228faccf680022de675ade6416f3e8e383efeb4976fd22a122f7"
url = "https://github.com/astral-sh/python-build-standalone/releases/download/20260602/cpython-3.13.13+20260602-x86_64-pc-windows-msvc-install_only_stripped.tar.gz"
provenance = "github-attestations"

[[tools.ruby]]
version = "4.0.5"
backend = "core:ruby"

[tools.ruby.options]
compile = "false"
precompiled_url = "jdx/ruby"
ruby_build_repo = "https://github.com/rbenv/ruby-build.git"
ruby_install = "false"

[[tools.rust]]
version = "nightly"
backend = "core:rust"

[[tools.stylua]]
version = "2.5.2"
backend = "aqua:JohnnyMorganz/StyLua"

[tools.stylua."platforms.linux-arm64"]
checksum = "sha256:0ef2ebf0b7e5a652b65c4cb96c6d9ffb3981a98547de3c764465bbf54a8d761a"
url = "https://github.com/JohnnyMorganz/StyLua/releases/download/v2.5.2/stylua-linux-aarch64.zip"

[tools.stylua."platforms.linux-arm64-musl"]
checksum = "sha256:b948df6b4bae41af9a70948174372f96a3c14d44e3e017288701539f3db8fb75"
url = "https://github.com/JohnnyMorganz/StyLua/releases/download/v2.5.2/stylua-linux-aarch64-musl.zip"

[tools.stylua."platforms.linux-x64"]
checksum = "sha256:ca6f1cf52eaf69e6632b81acef9c197aa24b85eb30d2455a35e7dbe28ae77c72"
url = "https://github.com/JohnnyMorganz/StyLua/releases/download/v2.5.2/stylua-linux-x86_64-musl.zip"

[tools.stylua."platforms.linux-x64-baseline"]
checksum = "sha256:ca6f1cf52eaf69e6632b81acef9c197aa24b85eb30d2455a35e7dbe28ae77c72"
url = "https://github.com/JohnnyMorganz/StyLua/releases/download/v2.5.2/stylua-linux-x86_64-musl.zip"

[tools.stylua."platforms.linux-x64-musl"]
checksum = "sha256:ca6f1cf52eaf69e6632b81acef9c197aa24b85eb30d2455a35e7dbe28ae77c72"
url = "https://github.com/JohnnyMorganz/StyLua/releases/download/v2.5.2/stylua-linux-x86_64-musl.zip"

[tools.stylua."platforms.linux-x64-musl-baseline"]
checksum = "sha256:ca6f1cf52eaf69e6632b81acef9c197aa24b85eb30d2455a35e7dbe28ae77c72"
url = "https://github.com/JohnnyMorganz/StyLua/releases/download/v2.5.2/stylua-linux-x86_64-musl.zip"

[tools.stylua."platforms.macos-arm64"]
checksum = "sha256:92ff0889e16324801bc072692974bb67f8161e62010fc90f96c62a17f81f32c7"
url = "https://github.com/JohnnyMorganz/StyLua/releases/download/v2.5.2/stylua-macos-aarch64.zip"

[tools.stylua."platforms.macos-x64"]
checksum = "sha256:53c50a1605d0a6345d160a1a5a21db40bcf2bf9cd23c17f7c277a63a1bff3a7f"
url = "https://github.com/JohnnyMorganz/StyLua/releases/download/v2.5.2/stylua-macos-x86_64.zip"

[tools.stylua."platforms.macos-x64-baseline"]
checksum = "sha256:53c50a1605d0a6345d160a1a5a21db40bcf2bf9cd23c17f7c277a63a1bff3a7f"
url = "https://github.com/JohnnyMorganz/StyLua/releases/download/v2.5.2/stylua-macos-x86_64.zip"

[tools.stylua."platforms.windows-x64"]
checksum = "sha256:e77d0ea1226b8b389b43f702240091249a96eea25857281f90ea24d0eb9eb969"
url = "https://github.com/JohnnyMorganz/StyLua/releases/download/v2.5.2/stylua-windows-x86_64.zip"

[tools.stylua."platforms.windows-x64-baseline"]
checksum = "sha256:e77d0ea1226b8b389b43f702240091249a96eea25857281f90ea24d0eb9eb969"
url = "https://github.com/JohnnyMorganz/StyLua/releases/download/v2.5.2/stylua-windows-x86_64.zip"

[[tools.tree-sitter]]
version = "0.26.9"
backend = "aqua:tree-sitter/tree-sitter"

[tools.tree-sitter."platforms.linux-arm64"]
checksum = "sha256:c8feeb32115958cb44442ca4d68f6d66cf7605dbd65681e62342181ebdd6db3b"
url = "https://github.com/tree-sitter/tree-sitter/releases/download/v0.26.9/tree-sitter-linux-arm64.gz"
provenance = "github-attestations"

[tools.tree-sitter."platforms.linux-arm64-musl"]
checksum = "sha256:c8feeb32115958cb44442ca4d68f6d66cf7605dbd65681e62342181ebdd6db3b"
url = "https://github.com/tree-sitter/tree-sitter/releases/download/v0.26.9/tree-sitter-linux-arm64.gz"
provenance = "github-attestations"

[tools.tree-sitter."platforms.linux-x64"]
checksum = "sha256:9ce82137caa65864e7ca8b869fd391cef88c9bd2a01c4371b9c4dd26c2585efb"
url = "https://github.com/tree-sitter/tree-sitter/releases/download/v0.26.9/tree-sitter-linux-x64.gz"
provenance = "github-attestations"

[tools.tree-sitter."platforms.linux-x64-baseline"]
checksum = "sha256:9ce82137caa65864e7ca8b869fd391cef88c9bd2a01c4371b9c4dd26c2585efb"
url = "https://github.com/tree-sitter/tree-sitter/releases/download/v0.26.9/tree-sitter-linux-x64.gz"
provenance = "github-attestations"

[tools.tree-sitter."platforms.linux-x64-musl"]
checksum = "sha256:9ce82137caa65864e7ca8b869fd391cef88c9bd2a01c4371b9c4dd26c2585efb"
url = "https://github.com/tree-sitter/tree-sitter/releases/download/v0.26.9/tree-sitter-linux-x64.gz"
provenance = "github-attestations"

[tools.tree-sitter."platforms.linux-x64-musl-baseline"]
checksum = "sha256:9ce82137caa65864e7ca8b869fd391cef88c9bd2a01c4371b9c4dd26c2585efb"
url = "https://github.com/tree-sitter/tree-sitter/releases/download/v0.26.9/tree-sitter-linux-x64.gz"
provenance = "github-attestations"

[tools.tree-sitter."platforms.macos-arm64"]
checksum = "sha256:e46725b2417c085b0761948abc0cc240bff6a3ab5d2128e3ad0de467ded3388d"
url = "https://github.com/tree-sitter/tree-sitter/releases/download/v0.26.9/tree-sitter-macos-arm64.gz"
provenance = "github-attestations"

[tools.tree-sitter."platforms.macos-x64"]
checksum = "sha256:a57b6044ad739ca3164cc20637db65352ccc9c69e1c34a7cda3e5a62d529b164"
url = "https://github.com/tree-sitter/tree-sitter/releases/download/v0.26.9/tree-sitter-macos-x64.gz"
provenance = "github-attestations"

[tools.tree-sitter."platforms.macos-x64-baseline"]
checksum = "sha256:a57b6044ad739ca3164cc20637db65352ccc9c69e1c34a7cda3e5a62d529b164"
url = "https://github.com/tree-sitter/tree-sitter/releases/download/v0.26.9/tree-sitter-macos-x64.gz"
provenance = "github-attestations"

[tools.tree-sitter."platforms.windows-x64"]
checksum = "sha256:dbb5309fcc76eaeb4ec358fcb72ac2eae5cd653e12967246cc63f84038d16cd8"
url = "https://github.com/tree-sitter/tree-sitter/releases/download/v0.26.9/tree-sitter-windows-x64.gz"
provenance = "github-attestations"

[tools.tree-sitter."platforms.windows-x64-baseline"]
checksum = "sha256:dbb5309fcc76eaeb4ec358fcb72ac2eae5cd653e12967246cc63f84038d16cd8"
url = "https://github.com/tree-sitter/tree-sitter/releases/download/v0.26.9/tree-sitter-windows-x64.gz"
provenance = "github-attestations"

[[tools.uv]]
version = "0.11.19"
backend = "aqua:astral-sh/uv"

[tools.uv."platforms.linux-arm64"]
checksum = "sha256:767629b64cdf078c32e42819db28d5ca868b8dc7e3a879967fadc3e4f7f66be3"
url = "https://github.com/astral-sh/uv/releases/download/0.11.19/uv-aarch64-unknown-linux-musl.tar.gz"
provenance = "github-attestations"

[tools.uv."platforms.linux-arm64-musl"]
checksum = "sha256:767629b64cdf078c32e42819db28d5ca868b8dc7e3a879967fadc3e4f7f66be3"
url = "https://github.com/astral-sh/uv/releases/download/0.11.19/uv-aarch64-unknown-linux-musl.tar.gz"
provenance = "github-attestations"

[tools.uv."platforms.linux-x64"]
checksum = "sha256:c4c0d0a383413261af5f0f0743e1292f4aafbe907987ed83bd0ac66f0a3d7e20"
url = "https://github.com/astral-sh/uv/releases/download/0.11.19/uv-x86_64-unknown-linux-musl.tar.gz"
provenance = "github-attestations"

[tools.uv."platforms.linux-x64-baseline"]
checksum = "sha256:c4c0d0a383413261af5f0f0743e1292f4aafbe907987ed83bd0ac66f0a3d7e20"
url = "https://github.com/astral-sh/uv/releases/download/0.11.19/uv-x86_64-unknown-linux-musl.tar.gz"
provenance = "github-attestations"

[tools.uv."platforms.linux-x64-musl"]
checksum = "sha256:c4c0d0a383413261af5f0f0743e1292f4aafbe907987ed83bd0ac66f0a3d7e20"
url = "https://github.com/astral-sh/uv/releases/download/0.11.19/uv-x86_64-unknown-linux-musl.tar.gz"
provenance = "github-attestations"

[tools.uv."platforms.linux-x64-musl-baseline"]
checksum = "sha256:c4c0d0a383413261af5f0f0743e1292f4aafbe907987ed83bd0ac66f0a3d7e20"
url = "https://github.com/astral-sh/uv/releases/download/0.11.19/uv-x86_64-unknown-linux-musl.tar.gz"
provenance = "github-attestations"

[tools.uv."platforms.macos-arm64"]
checksum = "sha256:d8f59c38e8c4168ee468d423cd63184be12fa6995a4283d41ee1a14d003c9453"
url = "https://github.com/astral-sh/uv/releases/download/0.11.19/uv-aarch64-apple-darwin.tar.gz"
provenance = "github-attestations"

[tools.uv."platforms.macos-x64"]
checksum = "sha256:1585f415cade9f061e7f00fe5b00030a79ccfac60c650242ce639ba946138d40"
url = "https://github.com/astral-sh/uv/releases/download/0.11.19/uv-x86_64-apple-darwin.tar.gz"
provenance = "github-attestations"

[tools.uv."platforms.macos-x64-baseline"]
checksum = "sha256:1585f415cade9f061e7f00fe5b00030a79ccfac60c650242ce639ba946138d40"
url = "https://github.com/astral-sh/uv/releases/download/0.11.19/uv-x86_64-apple-darwin.tar.gz"
provenance = "github-attestations"

[tools.uv."platforms.windows-x64"]
checksum = "sha256:1665fc8e37b5d70a134820d6d7891747471a2ac8bc940ee7af0b69fd03b28d61"
url = "https://github.com/astral-sh/uv/releases/download/0.11.19/uv-x86_64-pc-windows-msvc.zip"
provenance = "github-attestations"

[tools.uv."platforms.windows-x64-baseline"]
checksum = "sha256:1665fc8e37b5d70a134820d6d7891747471a2ac8bc940ee7af0b69fd03b28d61"
url = "https://github.com/astral-sh/uv/releases/download/0.11.19/uv-x86_64-pc-windows-msvc.zip"
provenance = "github-attestations"
