# @generated - this file is auto-generated by `mise lock` https://mise.en.dev/dev-tools/mise-lock.html

[[tools.bun]]
version = "1.3.14"
backend = "core:bun"

[tools.bun."platforms.linux-arm64"]
checksum = "sha256:a27ffb63a8310375836e0d6f668ae17fa8d8d18b88c37c821c65331973a19a3b"
url = "https://github.com/oven-sh/bun/releases/download/bun-v1.3.14/bun-linux-aarch64.zip"

[tools.bun."platforms.linux-arm64-musl"]
checksum = "sha256:b98e0ad3625c5c00d1d5b5ff55605c7adddbfae151861e68ade57b2d3b8703bb"
url = "https://github.com/oven-sh/bun/releases/download/bun-v1.3.14/bun-linux-aarch64-musl.zip"

[tools.bun."platforms.linux-x64"]
checksum = "sha256:951ee2aee855f08595aeec6225226a298d3fea83a3dcd6465c09cbccdf7e848f"
url = "https://github.com/oven-sh/bun/releases/download/bun-v1.3.14/bun-linux-x64.zip"

[tools.bun."platforms.linux-x64-baseline"]
checksum = "sha256:a063908ae08b7852ca10939bbdc6ceed3ddabce8fb9402dce83d65d73b36e6c7"
url = "https://github.com/oven-sh/bun/releases/download/bun-v1.3.14/bun-linux-x64-baseline.zip"

[tools.bun."platforms.linux-x64-musl"]
checksum = "sha256:14bd9aedeebf1dba67e8def9531c89bc989ecfdf1de42e5bfcaf1b8cd9294719"
url = "https://github.com/oven-sh/bun/releases/download/bun-v1.3.14/bun-linux-x64-musl.zip"

[tools.bun."platforms.linux-x64-musl-baseline"]
checksum = "sha256:56a7d6806cf155536c0178f0ea5fbd098e684fa509ebdb4fc0a7e19fb65382dc"
url = "https://github.com/oven-sh/bun/releases/download/bun-v1.3.14/bun-linux-x64-musl-baseline.zip"

[tools.bun."platforms.macos-arm64"]
checksum = "sha256:d8b96221828ad6f97ac7ac0ab7e95872341af763001e8803e8267652c2652620"
url = "https://github.com/oven-sh/bun/releases/download/bun-v1.3.14/bun-darwin-aarch64.zip"

[tools.bun."platforms.macos-x64"]
checksum = "sha256:4183df3374623e5bab315c547cfa0974533cd457d86b73b639f7a87974cd6633"
url = "https://github.com/oven-sh/bun/releases/download/bun-v1.3.14/bun-darwin-x64.zip"

[tools.bun."platforms.macos-x64-baseline"]
checksum = "sha256:3e35ad6f53971a9834bf9e6786e2adf72b5f1921cc9a9c5fde073d2972944076"
url = "https://github.com/oven-sh/bun/releases/download/bun-v1.3.14/bun-darwin-x64-baseline.zip"

[tools.bun."platforms.windows-x64"]
checksum = "sha256:0a0620930b6675d7ba440e81f4e0e00d3cfbe096c4b140d3fff02205e9e18922"
url = "https://github.com/oven-sh/bun/releases/download/bun-v1.3.14/bun-windows-x64.zip"

[tools.bun."platforms.windows-x64-baseline"]
checksum = "sha256:538f9c846355d9e847b2671bc00c47da4229a0befb24df3282b739770f3b475f"
url = "https://github.com/oven-sh/bun/releases/download/bun-v1.3.14/bun-windows-x64-baseline.zip"

[[tools.cargo-binstall]]
version = "1.20.1"
backend = "aqua:cargo-bins/cargo-binstall"

[tools.cargo-binstall."platforms.linux-arm64"]
checksum = "sha256:23679581c4cfa1782953264a6e36965198aed995b3a5287550dd78a113ce2288"
url = "https://github.com/cargo-bins/cargo-binstall/releases/download/v1.20.1/cargo-binstall-aarch64-unknown-linux-musl.tgz"
provenance = "github-attestations"

[tools.cargo-binstall."platforms.linux-arm64-musl"]
checksum = "sha256:23679581c4cfa1782953264a6e36965198aed995b3a5287550dd78a113ce2288"
url = "https://github.com/cargo-bins/cargo-binstall/releases/download/v1.20.1/cargo-binstall-aarch64-unknown-linux-musl.tgz"
provenance = "github-attestations"

[tools.cargo-binstall."platforms.linux-x64"]
checksum = "sha256:f12954bc382e1d0b2df3fbfb217a05d92c25570e4517841e0613499a24f4594e"
url = "https://github.com/cargo-bins/cargo-binstall/releases/download/v1.20.1/cargo-binstall-x86_64-unknown-linux-musl.tgz"
provenance = "github-attestations"

[tools.cargo-binstall."platforms.linux-x64-baseline"]
checksum = "sha256:f12954bc382e1d0b2df3fbfb217a05d92c25570e4517841e0613499a24f4594e"
url = "https://github.com/cargo-bins/cargo-binstall/releases/download/v1.20.1/cargo-binstall-x86_64-unknown-linux-musl.tgz"
provenance = "github-attestations"

[tools.cargo-binstall."platforms.linux-x64-musl"]
checksum = "sha256:f12954bc382e1d0b2df3fbfb217a05d92c25570e4517841e0613499a24f4594e"
url = "https://github.com/cargo-bins/cargo-binstall/releases/download/v1.20.1/cargo-binstall-x86_64-unknown-linux-musl.tgz"
provenance = "github-attestations"

[tools.cargo-binstall."platforms.linux-x64-musl-baseline"]
checksum = "sha256:f12954bc382e1d0b2df3fbfb217a05d92c25570e4517841e0613499a24f4594e"
url = "https://github.com/cargo-bins/cargo-binstall/releases/download/v1.20.1/cargo-binstall-x86_64-unknown-linux-musl.tgz"
provenance = "github-attestations"

[tools.cargo-binstall."platforms.macos-arm64"]
checksum = "sha256:691c4fda20d2e58920dc056e4eb7dacec6de448bb547aca17b0ae819716ebef6"
url = "https://github.com/cargo-bins/cargo-binstall/releases/download/v1.20.1/cargo-binstall-aarch64-apple-darwin.zip"
provenance = "github-attestations"

[tools.cargo-binstall."platforms.macos-x64"]
checksum = "sha256:349f5ec5f8b996e990993c90c504211321d8bf839e11e409e8fa3b628eefc56f"
url = "https://github.com/cargo-bins/cargo-binstall/releases/download/v1.20.1/cargo-binstall-x86_64-apple-darwin.zip"
provenance = "github-attestations"

[tools.cargo-binstall."platforms.macos-x64-baseline"]
checksum = "sha256:349f5ec5f8b996e990993c90c504211321d8bf839e11e409e8fa3b628eefc56f"
url = "https://github.com/cargo-bins/cargo-binstall/releases/download/v1.20.1/cargo-binstall-x86_64-apple-darwin.zip"
provenance = "github-attestations"

[tools.cargo-binstall."platforms.windows-x64"]
checksum = "sha256:89123c22482e2503a5fa861fa30cd61c59c708a97e8550143c1a11de98ae2658"
url = "https://github.com/cargo-bins/cargo-binstall/releases/download/v1.20.1/cargo-binstall-x86_64-pc-windows-msvc.zip"
provenance = "github-attestations"

[tools.cargo-binstall."platforms.windows-x64-baseline"]
checksum = "sha256:89123c22482e2503a5fa861fa30cd61c59c708a97e8550143c1a11de98ae2658"
url = "https://github.com/cargo-bins/cargo-binstall/releases/download/v1.20.1/cargo-binstall-x86_64-pc-windows-msvc.zip"
provenance = "github-attestations"

[[tools.delta]]
version = "0.19.2"
backend = "aqua:dandavison/delta"

[tools.delta."platforms.linux-arm64"]
checksum = "sha256:0bfce159a5cddd5feb3d6db4a616d883ff51253ce08ac7ec11cb1d208cfaab9e"
url = "https://github.com/dandavison/delta/releases/download/0.19.2/delta-0.19.2-aarch64-unknown-linux-gnu.tar.gz"

[tools.delta."platforms.linux-arm64-musl"]
checksum = "sha256:0bfce159a5cddd5feb3d6db4a616d883ff51253ce08ac7ec11cb1d208cfaab9e"
url = "https://github.com/dandavison/delta/releases/download/0.19.2/delta-0.19.2-aarch64-unknown-linux-gnu.tar.gz"

[tools.delta."platforms.linux-x64"]
checksum = "sha256:f1ea01ca7728ce3462debc359f39dfc7cbbc1a63224b71fefabf92042864aa1b"
url = "https://github.com/dandavison/delta/releases/download/0.19.2/delta-0.19.2-x86_64-unknown-linux-musl.tar.gz"

[tools.delta."platforms.linux-x64-baseline"]
checksum = "sha256:f1ea01ca7728ce3462debc359f39dfc7cbbc1a63224b71fefabf92042864aa1b"
url = "https://github.com/dandavison/delta/releases/download/0.19.2/delta-0.19.2-x86_64-unknown-linux-musl.tar.gz"

[tools.delta."platforms.linux-x64-musl"]
checksum = "sha256:f1ea01ca7728ce3462debc359f39dfc7cbbc1a63224b71fefabf92042864aa1b"
url = "https://github.com/dandavison/delta/releases/download/0.19.2/delta-0.19.2-x86_64-unknown-linux-musl.tar.gz"

[tools.delta."platforms.linux-x64-musl-baseline"]
checksum = "sha256:f1ea01ca7728ce3462debc359f39dfc7cbbc1a63224b71fefabf92042864aa1b"
url = "https://github.com/dandavison/delta/releases/download/0.19.2/delta-0.19.2-x86_64-unknown-linux-musl.tar.gz"

[tools.delta."platforms.macos-arm64"]
checksum = "sha256:9be36612a5a13e9e386dc498fb8e50dc87c72ee42b63db0ea05b32f99a72a69a"
url = "https://github.com/dandavison/delta/releases/download/0.19.2/delta-0.19.2-aarch64-apple-darwin.tar.gz"

[tools.delta."platforms.windows-x64"]
checksum = "sha256:ac8ebb4a9f1cbee8b9ea897ba119808a244181adae6f3bed1f3b6b923c50b557"
url = "https://github.com/dandavison/delta/releases/download/0.19.2/delta-0.19.2-x86_64-pc-windows-msvc.zip"

[tools.delta."platforms.windows-x64-baseline"]
checksum = "sha256:ac8ebb4a9f1cbee8b9ea897ba119808a244181adae6f3bed1f3b6b923c50b557"
url = "https://github.com/dandavison/delta/releases/download/0.19.2/delta-0.19.2-x86_64-pc-windows-msvc.zip"

[[tools.go]]
version = "1.26.4"
backend = "core:go"

[tools.go."platforms.linux-arm64"]
checksum = "sha256:ef758ae7c6cf9267c9c0ef080b8965f453d89ab2d25d9eb22de4405925238768"
url = "https://dl.google.com/go/go1.26.4.linux-arm64.tar.gz"

[tools.go."platforms.linux-arm64-musl"]
checksum = "sha256:ef758ae7c6cf9267c9c0ef080b8965f453d89ab2d25d9eb22de4405925238768"
url = "https://dl.google.com/go/go1.26.4.linux-arm64.tar.gz"

[tools.go."platforms.linux-x64"]
checksum = "sha256:1153d3d50e0ac764b447adfe05c2bcf08e889d42a02e0fe0259bd47f6733ad7f"
url = "https://dl.google.com/go/go1.26.4.linux-amd64.tar.gz"

[tools.go."platforms.linux-x64-baseline"]
checksum = "sha256:1153d3d50e0ac764b447adfe05c2bcf08e889d42a02e0fe0259bd47f6733ad7f"
url = "https://dl.google.com/go/go1.26.4.linux-amd64.tar.gz"

[tools.go."platforms.linux-x64-musl"]
checksum = "sha256:1153d3d50e0ac764b447adfe05c2bcf08e889d42a02e0fe0259bd47f6733ad7f"
url = "https://dl.google.com/go/go1.26.4.linux-amd64.tar.gz"

[tools.go."platforms.linux-x64-musl-baseline"]
checksum = "sha256:1153d3d50e0ac764b447adfe05c2bcf08e889d42a02e0fe0259bd47f6733ad7f"
url = "https://dl.google.com/go/go1.26.4.linux-amd64.tar.gz"

[tools.go."platforms.macos-arm64"]
checksum = "sha256:b62ad2b6d7d2464f12a5bcad7ff47f19d08325773b5efd21610e445a05a9bf53"
url = "https://dl.google.com/go/go1.26.4.darwin-arm64.tar.gz"

[tools.go."platforms.macos-x64"]
checksum = "sha256:05dc9b5f9997744520aaebb3d5deaa7c755371aebbfb7f97c2511a9f3367538d"
url = "https://dl.google.com/go/go1.26.4.darwin-amd64.tar.gz"

[tools.go."platforms.macos-x64-baseline"]
checksum = "sha256:05dc9b5f9997744520aaebb3d5deaa7c755371aebbfb7f97c2511a9f3367538d"
url = "https://dl.google.com/go/go1.26.4.darwin-amd64.tar.gz"

[tools.go."platforms.windows-x64"]
checksum = "sha256:3ca8fb4630b07c419cbdd51f754e31363cfcfb83b3a5354d9e895c90be2cc345"
url = "https://dl.google.com/go/go1.26.4.windows-amd64.zip"

[tools.go."platforms.windows-x64-baseline"]
checksum = "sha256:3ca8fb4630b07c419cbdd51f754e31363cfcfb83b3a5354d9e895c90be2cc345"
url = "https://dl.google.com/go/go1.26.4.windows-amd64.zip"

[[tools.markdownlint-cli2]]
version = "0.22.1"
backend = "npm:markdownlint-cli2"

[[tools.node]]
version = "25.9.0"
backend = "core:node"

[tools.node.options]
compile = "false"

[[tools."npm:@github/copilot"]]
version = "1.0.68"
backend = "npm:@github/copilot"

[[tools."npm:@mermaid-js/mermaid-cli"]]
version = "11.16.0"
backend = "npm:@mermaid-js/mermaid-cli"

[[tools."npm:@tobilu/qmd"]]
version = "2.5.3"
backend = "npm:@tobilu/qmd"

[[tools."npm:mcp-hub"]]
version = "4.2.1"
backend = "npm:mcp-hub"

[[tools.opencode]]
version = "1.17.15"
backend = "aqua:anomalyco/opencode"

[tools.opencode."platforms.linux-arm64"]
checksum = "sha256:23aad358a8489cda9e9c46cde7ce87b2fc4847203ddb4d2179be34215ad6eeae"
url = "https://github.com/anomalyco/opencode/releases/download/v1.17.15/opencode-linux-arm64.tar.gz"
url_api = "https://api.github.com/repos/anomalyco/opencode/releases/assets/469281358"

[tools.opencode."platforms.linux-arm64-musl"]
checksum = "sha256:ec753c4fcc2b5e2e6948f06c18c82c1160976a0cd85e7c6c7e911c35c82ebb5f"
url = "https://github.com/anomalyco/opencode/releases/download/v1.17.15/opencode-linux-arm64-musl.tar.gz"
url_api = "https://api.github.com/repos/anomalyco/opencode/releases/assets/469281365"

[tools.opencode."platforms.linux-x64"]
checksum = "sha256:0e1353771192c7d2dc0c610d61ff70668bb8a4420dc4d9e35cfd33d7245f3e67"
url = "https://github.com/anomalyco/opencode/releases/download/v1.17.15/opencode-linux-x64.tar.gz"
url_api = "https://api.github.com/repos/anomalyco/opencode/releases/assets/469281439"

[tools.opencode."platforms.linux-x64-baseline"]
checksum = "sha256:0e1353771192c7d2dc0c610d61ff70668bb8a4420dc4d9e35cfd33d7245f3e67"
url = "https://github.com/anomalyco/opencode/releases/download/v1.17.15/opencode-linux-x64.tar.gz"
url_api = "https://api.github.com/repos/anomalyco/opencode/releases/assets/469281439"

[tools.opencode."platforms.linux-x64-musl"]
checksum = "sha256:782c5d6fc3762fbdfaebcebc7457ed797acbab199969b3b237acfac195fd09d8"
url = "https://github.com/anomalyco/opencode/releases/download/v1.17.15/opencode-linux-x64-musl.tar.gz"
url_api = "https://api.github.com/repos/anomalyco/opencode/releases/assets/469281373"

[tools.opencode."platforms.linux-x64-musl-baseline"]
checksum = "sha256:782c5d6fc3762fbdfaebcebc7457ed797acbab199969b3b237acfac195fd09d8"
url = "https://github.com/anomalyco/opencode/releases/download/v1.17.15/opencode-linux-x64-musl.tar.gz"
url_api = "https://api.github.com/repos/anomalyco/opencode/releases/assets/469281373"

[tools.opencode."platforms.macos-arm64"]
checksum = "sha256:9667289c143d1fbdd440055af4041bb432f44b07ddf0aef048a8c7f2f7c65e2d"
url = "https://github.com/anomalyco/opencode/releases/download/v1.17.15/opencode-darwin-arm64.zip"
url_api = "https://api.github.com/repos/anomalyco/opencode/releases/assets/469281295"

[tools.opencode."platforms.macos-x64"]
checksum = "sha256:4bc40c124a1b419cfa922cadb3d68c2d67b2082276360b3ca36003aa350d9ad4"
url = "https://github.com/anomalyco/opencode/releases/download/v1.17.15/opencode-darwin-x64.zip"
url_api = "https://api.github.com/repos/anomalyco/opencode/releases/assets/469281293"

[tools.opencode."platforms.macos-x64-baseline"]
checksum = "sha256:4bc40c124a1b419cfa922cadb3d68c2d67b2082276360b3ca36003aa350d9ad4"
url = "https://github.com/anomalyco/opencode/releases/download/v1.17.15/opencode-darwin-x64.zip"
url_api = "https://api.github.com/repos/anomalyco/opencode/releases/assets/469281293"

[tools.opencode."platforms.windows-x64"]
checksum = "sha256:4853d74160d639557db1ebde9d327c38fb95b1db0886afc18d9ef962459d84e2"
url = "https://github.com/anomalyco/opencode/releases/download/v1.17.15/opencode-windows-x64.zip"
url_api = "https://api.github.com/repos/anomalyco/opencode/releases/assets/469284289"

[tools.opencode."platforms.windows-x64-baseline"]
checksum = "sha256:4853d74160d639557db1ebde9d327c38fb95b1db0886afc18d9ef962459d84e2"
url = "https://github.com/anomalyco/opencode/releases/download/v1.17.15/opencode-windows-x64.zip"
url_api = "https://api.github.com/repos/anomalyco/opencode/releases/assets/469284289"

[[tools.prettier]]
version = "3.9.4"
backend = "npm:prettier"

[[tools.python]]
version = "3.13.14"
backend = "core:python"

[tools.python."platforms.linux-arm64"]
checksum = "sha256:e931d7a393f54902503f8745ceb35420e7dd50a067e78e5f45c71404f7a15b30"
url = "https://github.com/astral-sh/python-build-standalone/releases/download/20260623/cpython-3.13.14+20260623-aarch64-unknown-linux-gnu-install_only_stripped.tar.gz"
provenance = "github-attestations"

[tools.python."platforms.linux-arm64-musl"]
checksum = "sha256:530453a8d47dcf234dbdebb8fdc8fb7277e1edc0f1b6e326e7a80e064318f019"
url = "https://github.com/astral-sh/python-build-standalone/releases/download/20260623/cpython-3.13.14+20260623-aarch64-unknown-linux-musl-install_only_stripped.tar.gz"
provenance = "github-attestations"

[tools.python."platforms.linux-x64"]
checksum = "sha256:459ed79967acc207bef2ff5124dac35d74d5108528e37b15395d14e2922f2c92"
url = "https://github.com/astral-sh/python-build-standalone/releases/download/20260623/cpython-3.13.14+20260623-x86_64-unknown-linux-gnu-install_only_stripped.tar.gz"
provenance = "github-attestations"

[tools.python."platforms.linux-x64-baseline"]
checksum = "sha256:459ed79967acc207bef2ff5124dac35d74d5108528e37b15395d14e2922f2c92"
url = "https://github.com/astral-sh/python-build-standalone/releases/download/20260623/cpython-3.13.14+20260623-x86_64-unknown-linux-gnu-install_only_stripped.tar.gz"
provenance = "github-attestations"

[tools.python."platforms.linux-x64-musl"]
checksum = "sha256:88a95f01ab0cb402822f803facea2f938d9b4cfe08da3d866629ac21c62c1f83"
url = "https://github.com/astral-sh/python-build-standalone/releases/download/20260623/cpython-3.13.14+20260623-x86_64-unknown-linux-musl-install_only_stripped.tar.gz"
provenance = "github-attestations"

[tools.python."platforms.linux-x64-musl-baseline"]
checksum = "sha256:88a95f01ab0cb402822f803facea2f938d9b4cfe08da3d866629ac21c62c1f83"
url = "https://github.com/astral-sh/python-build-standalone/releases/download/20260623/cpython-3.13.14+20260623-x86_64-unknown-linux-musl-install_only_stripped.tar.gz"
provenance = "github-attestations"

[tools.python."platforms.macos-arm64"]
checksum = "blake3:4e023688afcfb34e6e671eca8328b17e324b1e94e0946efd0645524457f46a0f"
url = "https://github.com/astral-sh/python-build-standalone/releases/download/20260623/cpython-3.13.14+20260623-aarch64-apple-darwin-install_only_stripped.tar.gz"
provenance = "github-attestations"

[tools.python."platforms.macos-x64"]
checksum = "sha256:fdbe7198fb32f24ab99c67cb68cb265615e0bb6cb6586ffccb629ef9ca868420"
url = "https://github.com/astral-sh/python-build-standalone/releases/download/20260623/cpython-3.13.14+20260623-x86_64-apple-darwin-install_only_stripped.tar.gz"
provenance = "github-attestations"

[tools.python."platforms.macos-x64-baseline"]
checksum = "sha256:fdbe7198fb32f24ab99c67cb68cb265615e0bb6cb6586ffccb629ef9ca868420"
url = "https://github.com/astral-sh/python-build-standalone/releases/download/20260623/cpython-3.13.14+20260623-x86_64-apple-darwin-install_only_stripped.tar.gz"
provenance = "github-attestations"

[tools.python."platforms.windows-x64"]
checksum = "sha256:7c3159205dda0289a47e6dd1226c4e5800b1f99a03146cdc25a41fed8ef74f5a"
url = "https://github.com/astral-sh/python-build-standalone/releases/download/20260623/cpython-3.13.14+20260623-x86_64-pc-windows-msvc-install_only_stripped.tar.gz"
provenance = "github-attestations"

[tools.python."platforms.windows-x64-baseline"]
checksum = "sha256:7c3159205dda0289a47e6dd1226c4e5800b1f99a03146cdc25a41fed8ef74f5a"
url = "https://github.com/astral-sh/python-build-standalone/releases/download/20260623/cpython-3.13.14+20260623-x86_64-pc-windows-msvc-install_only_stripped.tar.gz"
provenance = "github-attestations"

[[tools.ruby]]
version = "4.0.5"
backend = "core:ruby"

[tools.ruby.options]
compile = "false"
precompiled_url = "jdx/ruby"
ruby_build_repo = "https://github.com/rbenv/ruby-build.git"
ruby_install = "false"

[tools.ruby."platforms.linux-arm64"]
checksum = "sha256:142cc75048232c19fedca2748f4882f5d40443eb3d3532dc65efab44e6107553"
url = "https://github.com/jdx/ruby/releases/download/4.0.5-2/ruby-4.0.5.arm64_linux.tar.gz"
provenance = "github-attestations"

[tools.ruby."platforms.linux-arm64-musl"]
checksum = "sha256:142cc75048232c19fedca2748f4882f5d40443eb3d3532dc65efab44e6107553"
url = "https://github.com/jdx/ruby/releases/download/4.0.5-2/ruby-4.0.5.arm64_linux.tar.gz"
provenance = "github-attestations"

[tools.ruby."platforms.linux-x64"]
checksum = "sha256:15a8cb9e40784fe3d2309e1bf30a8cb92932ec83513e93dc90d8b507608344a0"
url = "https://github.com/jdx/ruby/releases/download/4.0.5-2/ruby-4.0.5.x86_64_linux.tar.gz"
provenance = "github-attestations"

[tools.ruby."platforms.linux-x64-baseline"]
checksum = "sha256:15a8cb9e40784fe3d2309e1bf30a8cb92932ec83513e93dc90d8b507608344a0"
url = "https://github.com/jdx/ruby/releases/download/4.0.5-2/ruby-4.0.5.x86_64_linux.tar.gz"
provenance = "github-attestations"

[tools.ruby."platforms.linux-x64-musl"]
checksum = "sha256:15a8cb9e40784fe3d2309e1bf30a8cb92932ec83513e93dc90d8b507608344a0"
url = "https://github.com/jdx/ruby/releases/download/4.0.5-2/ruby-4.0.5.x86_64_linux.tar.gz"
provenance = "github-attestations"

[tools.ruby."platforms.linux-x64-musl-baseline"]
checksum = "sha256:15a8cb9e40784fe3d2309e1bf30a8cb92932ec83513e93dc90d8b507608344a0"
url = "https://github.com/jdx/ruby/releases/download/4.0.5-2/ruby-4.0.5.x86_64_linux.tar.gz"
provenance = "github-attestations"

[tools.ruby."platforms.macos-arm64"]
checksum = "sha256:2ceac7dbfb7ce73e7efbf0198fb859c23144169af9bd417b3996c6176e60ae80"
url = "https://github.com/jdx/ruby/releases/download/4.0.5-2/ruby-4.0.5.macos.tar.gz"
provenance = "github-attestations"

[tools.ruby."platforms.macos-x64"]
checksum = "sha256:7d6149079a63f8ae1d326c9fa65c6019ba2dc3155eae7b39159817911c88958e"
url = "https://cache.ruby-lang.org/pub/ruby/4.0/ruby-4.0.5.tar.gz"

[tools.ruby."platforms.macos-x64-baseline"]
checksum = "sha256:7d6149079a63f8ae1d326c9fa65c6019ba2dc3155eae7b39159817911c88958e"
url = "https://cache.ruby-lang.org/pub/ruby/4.0/ruby-4.0.5.tar.gz"

[[tools.rust]]
version = "nightly"
backend = "core:rust"

[[tools.stylua]]
version = "2.5.2"
backend = "aqua:JohnnyMorganz/StyLua"

[tools.stylua."platforms.linux-arm64"]
checksum = "sha256:0ef2ebf0b7e5a652b65c4cb96c6d9ffb3981a98547de3c764465bbf54a8d761a"
url = "https://github.com/JohnnyMorganz/StyLua/releases/download/v2.5.2/stylua-linux-aarch64.zip"

[tools.stylua."platforms.linux-arm64-musl"]
checksum = "sha256:b948df6b4bae41af9a70948174372f96a3c14d44e3e017288701539f3db8fb75"
url = "https://github.com/JohnnyMorganz/StyLua/releases/download/v2.5.2/stylua-linux-aarch64-musl.zip"

[tools.stylua."platforms.linux-x64"]
checksum = "sha256:ca6f1cf52eaf69e6632b81acef9c197aa24b85eb30d2455a35e7dbe28ae77c72"
url = "https://github.com/JohnnyMorganz/StyLua/releases/download/v2.5.2/stylua-linux-x86_64-musl.zip"

[tools.stylua."platforms.linux-x64-baseline"]
checksum = "sha256:ca6f1cf52eaf69e6632b81acef9c197aa24b85eb30d2455a35e7dbe28ae77c72"
url = "https://github.com/JohnnyMorganz/StyLua/releases/download/v2.5.2/stylua-linux-x86_64-musl.zip"

[tools.stylua."platforms.linux-x64-musl"]
checksum = "sha256:ca6f1cf52eaf69e6632b81acef9c197aa24b85eb30d2455a35e7dbe28ae77c72"
url = "https://github.com/JohnnyMorganz/StyLua/releases/download/v2.5.2/stylua-linux-x86_64-musl.zip"

[tools.stylua."platforms.linux-x64-musl-baseline"]
checksum = "sha256:ca6f1cf52eaf69e6632b81acef9c197aa24b85eb30d2455a35e7dbe28ae77c72"
url = "https://github.com/JohnnyMorganz/StyLua/releases/download/v2.5.2/stylua-linux-x86_64-musl.zip"

[tools.stylua."platforms.macos-arm64"]
checksum = "sha256:92ff0889e16324801bc072692974bb67f8161e62010fc90f96c62a17f81f32c7"
url = "https://github.com/JohnnyMorganz/StyLua/releases/download/v2.5.2/stylua-macos-aarch64.zip"

[tools.stylua."platforms.macos-x64"]
checksum = "sha256:53c50a1605d0a6345d160a1a5a21db40bcf2bf9cd23c17f7c277a63a1bff3a7f"
url = "https://github.com/JohnnyMorganz/StyLua/releases/download/v2.5.2/stylua-macos-x86_64.zip"

[tools.stylua."platforms.macos-x64-baseline"]
checksum = "sha256:53c50a1605d0a6345d160a1a5a21db40bcf2bf9cd23c17f7c277a63a1bff3a7f"
url = "https://github.com/JohnnyMorganz/StyLua/releases/download/v2.5.2/stylua-macos-x86_64.zip"

[tools.stylua."platforms.windows-x64"]
checksum = "sha256:e77d0ea1226b8b389b43f702240091249a96eea25857281f90ea24d0eb9eb969"
url = "https://github.com/JohnnyMorganz/StyLua/releases/download/v2.5.2/stylua-windows-x86_64.zip"

[tools.stylua."platforms.windows-x64-baseline"]
checksum = "sha256:e77d0ea1226b8b389b43f702240091249a96eea25857281f90ea24d0eb9eb969"
url = "https://github.com/JohnnyMorganz/StyLua/releases/download/v2.5.2/stylua-windows-x86_64.zip"

[[tools.tree-sitter]]
version = "0.26.10"
backend = "aqua:tree-sitter/tree-sitter"

[tools.tree-sitter."platforms.linux-arm64"]
checksum = "sha256:abc3c3fc18c8f9ffeee385f5c34a91443774a371e2bfe5b53344d9d5606705ed"
url = "https://github.com/tree-sitter/tree-sitter/releases/download/v0.26.10/tree-sitter-linux-arm64.gz"
provenance = "github-attestations"

[tools.tree-sitter."platforms.linux-arm64-musl"]
checksum = "sha256:abc3c3fc18c8f9ffeee385f5c34a91443774a371e2bfe5b53344d9d5606705ed"
url = "https://github.com/tree-sitter/tree-sitter/releases/download/v0.26.10/tree-sitter-linux-arm64.gz"
provenance = "github-attestations"

[tools.tree-sitter."platforms.linux-x64"]
checksum = "sha256:477ef03e7422f3579187859db7d5407ac345c854f9e2e6c4534d2305dac39a35"
url = "https://github.com/tree-sitter/tree-sitter/releases/download/v0.26.10/tree-sitter-linux-x64.gz"
provenance = "github-attestations"

[tools.tree-sitter."platforms.linux-x64-baseline"]
checksum = "sha256:477ef03e7422f3579187859db7d5407ac345c854f9e2e6c4534d2305dac39a35"
url = "https://github.com/tree-sitter/tree-sitter/releases/download/v0.26.10/tree-sitter-linux-x64.gz"
provenance = "github-attestations"

[tools.tree-sitter."platforms.linux-x64-musl"]
checksum = "sha256:477ef03e7422f3579187859db7d5407ac345c854f9e2e6c4534d2305dac39a35"
url = "https://github.com/tree-sitter/tree-sitter/releases/download/v0.26.10/tree-sitter-linux-x64.gz"
provenance = "github-attestations"

[tools.tree-sitter."platforms.linux-x64-musl-baseline"]
checksum = "sha256:477ef03e7422f3579187859db7d5407ac345c854f9e2e6c4534d2305dac39a35"
url = "https://github.com/tree-sitter/tree-sitter/releases/download/v0.26.10/tree-sitter-linux-x64.gz"
provenance = "github-attestations"

[tools.tree-sitter."platforms.macos-arm64"]
checksum = "sha256:821a387182db59a1942a90a1fbd8f9756d9926e2c265f5c7b9a23c523114134a"
url = "https://github.com/tree-sitter/tree-sitter/releases/download/v0.26.10/tree-sitter-macos-arm64.gz"
provenance = "github-attestations"

[tools.tree-sitter."platforms.macos-x64"]
checksum = "sha256:e58c90dc9c14a64b5d824b2bd9df99748fa149705361f51a8e37220be20e9210"
url = "https://github.com/tree-sitter/tree-sitter/releases/download/v0.26.10/tree-sitter-macos-x64.gz"
provenance = "github-attestations"

[tools.tree-sitter."platforms.macos-x64-baseline"]
checksum = "sha256:e58c90dc9c14a64b5d824b2bd9df99748fa149705361f51a8e37220be20e9210"
url = "https://github.com/tree-sitter/tree-sitter/releases/download/v0.26.10/tree-sitter-macos-x64.gz"
provenance = "github-attestations"

[tools.tree-sitter."platforms.windows-x64"]
checksum = "sha256:6f59606dafabd8ac49c84c36ae4f0178e6aadd9232e5602c6fb0406d1b79129a"
url = "https://github.com/tree-sitter/tree-sitter/releases/download/v0.26.10/tree-sitter-windows-x64.gz"
provenance = "github-attestations"

[tools.tree-sitter."platforms.windows-x64-baseline"]
checksum = "sha256:6f59606dafabd8ac49c84c36ae4f0178e6aadd9232e5602c6fb0406d1b79129a"
url = "https://github.com/tree-sitter/tree-sitter/releases/download/v0.26.10/tree-sitter-windows-x64.gz"
provenance = "github-attestations"

[[tools.uv]]
version = "0.11.27"
backend = "aqua:astral-sh/uv"

[tools.uv."platforms.linux-arm64"]
checksum = "sha256:b0b1909a7e5caf2ec0cbe2649f5171050c26d85efb65d9d4de2cfe754dc14ea3"
url = "https://github.com/astral-sh/uv/releases/download/0.11.27/uv-aarch64-unknown-linux-musl.tar.gz"
url_api = "https://api.github.com/repos/astral-sh/uv/releases/assets/468472287"
provenance = "github-attestations"

[tools.uv."platforms.linux-arm64-musl"]
checksum = "sha256:b0b1909a7e5caf2ec0cbe2649f5171050c26d85efb65d9d4de2cfe754dc14ea3"
url = "https://github.com/astral-sh/uv/releases/download/0.11.27/uv-aarch64-unknown-linux-musl.tar.gz"
url_api = "https://api.github.com/repos/astral-sh/uv/releases/assets/468472287"
provenance = "github-attestations"

[tools.uv."platforms.linux-x64"]
checksum = "sha256:5d5594af1530c7c31e46a8cc0a35ceb4d28f3890049efe2149ac53c9ad121493"
url = "https://github.com/astral-sh/uv/releases/download/0.11.27/uv-x86_64-unknown-linux-musl.tar.gz"
url_api = "https://api.github.com/repos/astral-sh/uv/releases/assets/468472356"
provenance = "github-attestations"

[tools.uv."platforms.linux-x64-baseline"]
checksum = "sha256:5d5594af1530c7c31e46a8cc0a35ceb4d28f3890049efe2149ac53c9ad121493"
url = "https://github.com/astral-sh/uv/releases/download/0.11.27/uv-x86_64-unknown-linux-musl.tar.gz"
url_api = "https://api.github.com/repos/astral-sh/uv/releases/assets/468472356"
provenance = "github-attestations"

[tools.uv."platforms.linux-x64-musl"]
checksum = "sha256:5d5594af1530c7c31e46a8cc0a35ceb4d28f3890049efe2149ac53c9ad121493"
url = "https://github.com/astral-sh/uv/releases/download/0.11.27/uv-x86_64-unknown-linux-musl.tar.gz"
url_api = "https://api.github.com/repos/astral-sh/uv/releases/assets/468472356"
provenance = "github-attestations"

[tools.uv."platforms.linux-x64-musl-baseline"]
checksum = "sha256:5d5594af1530c7c31e46a8cc0a35ceb4d28f3890049efe2149ac53c9ad121493"
url = "https://github.com/astral-sh/uv/releases/download/0.11.27/uv-x86_64-unknown-linux-musl.tar.gz"
url_api = "https://api.github.com/repos/astral-sh/uv/releases/assets/468472356"
provenance = "github-attestations"

[tools.uv."platforms.macos-arm64"]
checksum = "sha256:34e63cc0de0aebbc8d424767c588c31b685479f045f9ced9e5ef43ff9e0e8d63"
url = "https://github.com/astral-sh/uv/releases/download/0.11.27/uv-aarch64-apple-darwin.tar.gz"
url_api = "https://api.github.com/repos/astral-sh/uv/releases/assets/468472272"
provenance = "github-attestations"

[tools.uv."platforms.macos-x64"]
checksum = "sha256:9f00047455b2a9e81f282297fca39cdd6cd5761a6b0ce75e2d7698744c59e1af"
url = "https://github.com/astral-sh/uv/releases/download/0.11.27/uv-x86_64-apple-darwin.tar.gz"
url_api = "https://api.github.com/repos/astral-sh/uv/releases/assets/468472341"
provenance = "github-attestations"

[tools.uv."platforms.macos-x64-baseline"]
checksum = "sha256:9f00047455b2a9e81f282297fca39cdd6cd5761a6b0ce75e2d7698744c59e1af"
url = "https://github.com/astral-sh/uv/releases/download/0.11.27/uv-x86_64-apple-darwin.tar.gz"
url_api = "https://api.github.com/repos/astral-sh/uv/releases/assets/468472341"
provenance = "github-attestations"

[tools.uv."platforms.windows-x64"]
checksum = "sha256:b7e32288ce0e289dbe94d2cac7adbb008f74f0e038542a2d9969dd50eb7056ee"
url = "https://github.com/astral-sh/uv/releases/download/0.11.27/uv-x86_64-pc-windows-msvc.zip"
url_api = "https://api.github.com/repos/astral-sh/uv/releases/assets/468472343"
provenance = "github-attestations"

[tools.uv."platforms.windows-x64-baseline"]
checksum = "sha256:b7e32288ce0e289dbe94d2cac7adbb008f74f0e038542a2d9969dd50eb7056ee"
url = "https://github.com/astral-sh/uv/releases/download/0.11.27/uv-x86_64-pc-windows-msvc.zip"
url_api = "https://api.github.com/repos/astral-sh/uv/releases/assets/468472343"
provenance = "github-attestations"
